// !$*UTF8*$!
{
	archiveVersion = 1;
	classes = {
	};
	objectVersion = 46;
	objects = {

/* Begin PBXBuildFile section */
		69129CE51A22645400D1B7D3 /* OliviaVideoTests.swift in Sources */ = {isa = PBXBuildFile; fileRef = 69129CE41A22645400D1B7D3 /* OliviaVideoTests.swift */; };
		698586D51A5F42FB006EA76B /* decoder.cpp in Sources */ = {isa = PBXBuildFile; fileRef = 698586D41A5F42FB006EA76B /* decoder.cpp */; };
		698586D71A5FD0FF006EA76B /* file_decoder.cpp in Sources */ = {isa = PBXBuildFile; fileRef = 698586D61A5FD0FF006EA76B /* file_decoder.cpp */; };
		698586DA1A5FD31E006EA76B /* stream_decoder.cpp in Sources */ = {isa = PBXBuildFile; fileRef = 698586D81A5FD31E006EA76B /* stream_decoder.cpp */; };
		699C4D4F1A5E9DDD00D69586 /* libavcodec.56.13.100.dylib in Frameworks */ = {isa = PBXBuildFile; fileRef = 699C4D2B1A5E9DDD00D69586 /* libavcodec.56.13.100.dylib */; };
		699C4D501A5E9DDD00D69586 /* libavcodec.56.13.100.dylib in Frameworks */ = {isa = PBXBuildFile; fileRef = 699C4D2C1A5E9DDD00D69586 /* libavcodec.56.13.100.dylib */; };
		699C4D511A5E9DDD00D69586 /* libavcodec.a in Frameworks */ = {isa = PBXBuildFile; fileRef = 699C4D2D1A5E9DDD00D69586 /* libavcodec.a */; };
		699C4D521A5E9DDD00D69586 /* libavcodec.56.13.100.dylib in Frameworks */ = {isa = PBXBuildFile; fileRef = 699C4D2E1A5E9DDD00D69586 /* libavcodec.56.13.100.dylib */; };
		699C4D531A5E9DDD00D69586 /* libavdevice.56.3.100.dylib in Frameworks */ = {isa = PBXBuildFile; fileRef = 699C4D2F1A5E9DDD00D69586 /* libavdevice.56.3.100.dylib */; };
		699C4D541A5E9DDD00D69586 /* libavdevice.56.3.100.dylib in Frameworks */ = {isa = PBXBuildFile; fileRef = 699C4D301A5E9DDD00D69586 /* libavdevice.56.3.100.dylib */; };
		699C4D551A5E9DDD00D69586 /* libavdevice.a in Frameworks */ = {isa = PBXBuildFile; fileRef = 699C4D311A5E9DDD00D69586 /* libavdevice.a */; };
		699C4D561A5E9DDD00D69586 /* libavdevice.56.3.100.dylib in Frameworks */ = {isa = PBXBuildFile; fileRef = 699C4D321A5E9DDD00D69586 /* libavdevice.56.3.100.dylib */; };
		699C4D571A5E9DDD00D69586 /* libavfilter.5.2.103.dylib in Frameworks */ = {isa = PBXBuildFile; fileRef = 699C4D331A5E9DDD00D69586 /* libavfilter.5.2.103.dylib */; };
		699C4D581A5E9DDD00D69586 /* libavfilter.5.2.103.dylib in Frameworks */ = {isa = PBXBuildFile; fileRef = 699C4D341A5E9DDD00D69586 /* libavfilter.5.2.103.dylib */; };
		699C4D591A5E9DDD00D69586 /* libavfilter.a in Frameworks */ = {isa = PBXBuildFile; fileRef = 699C4D351A5E9DDD00D69586 /* libavfilter.a */; };
		699C4D5A1A5E9DDD00D69586 /* libavfilter.5.2.103.dylib in Frameworks */ = {isa = PBXBuildFile; fileRef = 699C4D361A5E9DDD00D69586 /* libavfilter.5.2.103.dylib */; };
		699C4D5B1A5E9DDD00D69586 /* libavformat.56.15.102.dylib in Frameworks */ = {isa = PBXBuildFile; fileRef = 699C4D371A5E9DDD00D69586 /* libavformat.56.15.102.dylib */; };
		699C4D5C1A5E9DDD00D69586 /* libavformat.56.15.102.dylib in Frameworks */ = {isa = PBXBuildFile; fileRef = 699C4D381A5E9DDD00D69586 /* libavformat.56.15.102.dylib */; };
		699C4D5D1A5E9DDD00D69586 /* libavformat.a in Frameworks */ = {isa = PBXBuildFile; fileRef = 699C4D391A5E9DDD00D69586 /* libavformat.a */; };
		699C4D5E1A5E9DDD00D69586 /* libavformat.56.15.102.dylib in Frameworks */ = {isa = PBXBuildFile; fileRef = 699C4D3A1A5E9DDD00D69586 /* libavformat.56.15.102.dylib */; };
		699C4D5F1A5E9DDD00D69586 /* libavresample.2.1.0.dylib in Frameworks */ = {isa = PBXBuildFile; fileRef = 699C4D3B1A5E9DDD00D69586 /* libavresample.2.1.0.dylib */; };
		699C4D601A5E9DDD00D69586 /* libavresample.2.1.0.dylib in Frameworks */ = {isa = PBXBuildFile; fileRef = 699C4D3C1A5E9DDD00D69586 /* libavresample.2.1.0.dylib */; };
		699C4D611A5E9DDD00D69586 /* libavresample.a in Frameworks */ = {isa = PBXBuildFile; fileRef = 699C4D3D1A5E9DDD00D69586 /* libavresample.a */; };
		699C4D621A5E9DDD00D69586 /* libavresample.2.1.0.dylib in Frameworks */ = {isa = PBXBuildFile; fileRef = 699C4D3E1A5E9DDD00D69586 /* libavresample.2.1.0.dylib */; };
		699C4D631A5E9DDD00D69586 /* libavutil.54.15.100.dylib in Frameworks */ = {isa = PBXBuildFile; fileRef = 699C4D3F1A5E9DDD00D69586 /* libavutil.54.15.100.dylib */; };
		699C4D641A5E9DDD00D69586 /* libavutil.54.15.100.dylib in Frameworks */ = {isa = PBXBuildFile; fileRef = 699C4D401A5E9DDD00D69586 /* libavutil.54.15.100.dylib */; };
		699C4D651A5E9DDD00D69586 /* libavutil.a in Frameworks */ = {isa = PBXBuildFile; fileRef = 699C4D411A5E9DDD00D69586 /* libavutil.a */; };
		699C4D661A5E9DDD00D69586 /* libavutil.54.15.100.dylib in Frameworks */ = {isa = PBXBuildFile; fileRef = 699C4D421A5E9DDD00D69586 /* libavutil.54.15.100.dylib */; };
		699C4D671A5E9DDD00D69586 /* libpostproc.53.3.100.dylib in Frameworks */ = {isa = PBXBuildFile; fileRef = 699C4D431A5E9DDD00D69586 /* libpostproc.53.3.100.dylib */; };
		699C4D681A5E9DDD00D69586 /* libpostproc.53.3.100.dylib in Frameworks */ = {isa = PBXBuildFile; fileRef = 699C4D441A5E9DDD00D69586 /* libpostproc.53.3.100.dylib */; };
		699C4D691A5E9DDD00D69586 /* libpostproc.a in Frameworks */ = {isa = PBXBuildFile; fileRef = 699C4D451A5E9DDD00D69586 /* libpostproc.a */; };
		699C4D6A1A5E9DDD00D69586 /* libpostproc.53.3.100.dylib in Frameworks */ = {isa = PBXBuildFile; fileRef = 699C4D461A5E9DDD00D69586 /* libpostproc.53.3.100.dylib */; };
		699C4D6B1A5E9DDD00D69586 /* libswresample.1.1.100.dylib in Frameworks */ = {isa = PBXBuildFile; fileRef = 699C4D471A5E9DDD00D69586 /* libswresample.1.1.100.dylib */; };
		699C4D6C1A5E9DDD00D69586 /* libswresample.1.1.100.dylib in Frameworks */ = {isa = PBXBuildFile; fileRef = 699C4D481A5E9DDD00D69586 /* libswresample.1.1.100.dylib */; };
		699C4D6D1A5E9DDD00D69586 /* libswresample.a in Frameworks */ = {isa = PBXBuildFile; fileRef = 699C4D491A5E9DDD00D69586 /* libswresample.a */; };
		699C4D6E1A5E9DDD00D69586 /* libswresample.1.1.100.dylib in Frameworks */ = {isa = PBXBuildFile; fileRef = 699C4D4A1A5E9DDD00D69586 /* libswresample.1.1.100.dylib */; };
		699C4D6F1A5E9DDD00D69586 /* libswscale.3.1.101.dylib in Frameworks */ = {isa = PBXBuildFile; fileRef = 699C4D4B1A5E9DDD00D69586 /* libswscale.3.1.101.dylib */; };
		699C4D701A5E9DDD00D69586 /* libswscale.3.1.101.dylib in Frameworks */ = {isa = PBXBuildFile; fileRef = 699C4D4C1A5E9DDD00D69586 /* libswscale.3.1.101.dylib */; };
		699C4D711A5E9DDD00D69586 /* libswscale.a in Frameworks */ = {isa = PBXBuildFile; fileRef = 699C4D4D1A5E9DDD00D69586 /* libswscale.a */; };
		699C4D721A5E9DDD00D69586 /* libswscale.3.1.101.dylib in Frameworks */ = {isa = PBXBuildFile; fileRef = 699C4D4E1A5E9DDD00D69586 /* libswscale.3.1.101.dylib */; };
		699C4D771A5EE9EE00D69586 /* c_style_decoder.cpp in Sources */ = {isa = PBXBuildFile; fileRef = 699C4D751A5EE9EE00D69586 /* c_style_decoder.cpp */; };
		699C4D7A1A5EEF8700D69586 /* stream_reciver.cpp in Sources */ = {isa = PBXBuildFile; fileRef = 699C4D781A5EEF8700D69586 /* stream_reciver.cpp */; };
		699C4D801A5EF7A000D69586 /* main.cpp in Sources */ = {isa = PBXBuildFile; fileRef = 699C4D7F1A5EF7A000D69586 /* main.cpp */; };
		699E7B5F1A30E73200B7CFD7 /* cvdisplay.cpp in Sources */ = {isa = PBXBuildFile; fileRef = 699E7B5D1A30E73200B7CFD7 /* cvdisplay.cpp */; };
		699E7B981A30E84300B7CFD7 /* libopencv_calib3d.2.4.9.dylib in Frameworks */ = {isa = PBXBuildFile; fileRef = 699E7B611A30E84300B7CFD7 /* libopencv_calib3d.2.4.9.dylib */; };
		699E7B991A30E84300B7CFD7 /* libopencv_calib3d.2.4.9.dylib in Frameworks */ = {isa = PBXBuildFile; fileRef = 699E7B621A30E84300B7CFD7 /* libopencv_calib3d.2.4.9.dylib */; };
		699E7B9B1A30E84300B7CFD7 /* libopencv_contrib.2.4.9.dylib in Frameworks */ = {isa = PBXBuildFile; fileRef = 699E7B641A30E84300B7CFD7 /* libopencv_contrib.2.4.9.dylib */; };
		699E7B9C1A30E84300B7CFD7 /* libopencv_contrib.2.4.9.dylib in Frameworks */ = {isa = PBXBuildFile; fileRef = 699E7B651A30E84300B7CFD7 /* libopencv_contrib.2.4.9.dylib */; };
		699E7B9E1A30E84300B7CFD7 /* libopencv_core.2.4.9.dylib in Frameworks */ = {isa = PBXBuildFile; fileRef = 699E7B671A30E84300B7CFD7 /* libopencv_core.2.4.9.dylib */; };
		699E7B9F1A30E84300B7CFD7 /* libopencv_core.2.4.9.dylib in Frameworks */ = {isa = PBXBuildFile; fileRef = 699E7B681A30E84300B7CFD7 /* libopencv_core.2.4.9.dylib */; };
		699E7BA11A30E84300B7CFD7 /* libopencv_features2d.2.4.9.dylib in Frameworks */ = {isa = PBXBuildFile; fileRef = 699E7B6A1A30E84300B7CFD7 /* libopencv_features2d.2.4.9.dylib */; };
		699E7BA21A30E84300B7CFD7 /* libopencv_features2d.2.4.9.dylib in Frameworks */ = {isa = PBXBuildFile; fileRef = 699E7B6B1A30E84300B7CFD7 /* libopencv_features2d.2.4.9.dylib */; };
		699E7BA41A30E84300B7CFD7 /* libopencv_flann.2.4.9.dylib in Frameworks */ = {isa = PBXBuildFile; fileRef = 699E7B6D1A30E84300B7CFD7 /* libopencv_flann.2.4.9.dylib */; };
		699E7BA51A30E84300B7CFD7 /* libopencv_flann.2.4.9.dylib in Frameworks */ = {isa = PBXBuildFile; fileRef = 699E7B6E1A30E84300B7CFD7 /* libopencv_flann.2.4.9.dylib */; };
		699E7BA71A30E84300B7CFD7 /* libopencv_gpu.2.4.9.dylib in Frameworks */ = {isa = PBXBuildFile; fileRef = 699E7B701A30E84300B7CFD7 /* libopencv_gpu.2.4.9.dylib */; };
		699E7BA81A30E84300B7CFD7 /* libopencv_gpu.2.4.9.dylib in Frameworks */ = {isa = PBXBuildFile; fileRef = 699E7B711A30E84300B7CFD7 /* libopencv_gpu.2.4.9.dylib */; };
		699E7BAA1A30E84300B7CFD7 /* libopencv_highgui.2.4.9.dylib in Frameworks */ = {isa = PBXBuildFile; fileRef = 699E7B731A30E84300B7CFD7 /* libopencv_highgui.2.4.9.dylib */; };
		699E7BAB1A30E84300B7CFD7 /* libopencv_highgui.2.4.9.dylib in Frameworks */ = {isa = PBXBuildFile; fileRef = 699E7B741A30E84300B7CFD7 /* libopencv_highgui.2.4.9.dylib */; };
		699E7BAD1A30E84300B7CFD7 /* libopencv_imgproc.2.4.9.dylib in Frameworks */ = {isa = PBXBuildFile; fileRef = 699E7B761A30E84300B7CFD7 /* libopencv_imgproc.2.4.9.dylib */; };
		699E7BAE1A30E84300B7CFD7 /* libopencv_imgproc.2.4.9.dylib in Frameworks */ = {isa = PBXBuildFile; fileRef = 699E7B771A30E84300B7CFD7 /* libopencv_imgproc.2.4.9.dylib */; };
		699E7BB01A30E84300B7CFD7 /* libopencv_legacy.2.4.9.dylib in Frameworks */ = {isa = PBXBuildFile; fileRef = 699E7B791A30E84300B7CFD7 /* libopencv_legacy.2.4.9.dylib */; };
		699E7BB11A30E84300B7CFD7 /* libopencv_legacy.2.4.9.dylib in Frameworks */ = {isa = PBXBuildFile; fileRef = 699E7B7A1A30E84300B7CFD7 /* libopencv_legacy.2.4.9.dylib */; };
		699E7BB31A30E84300B7CFD7 /* libopencv_ml.2.4.9.dylib in Frameworks */ = {isa = PBXBuildFile; fileRef = 699E7B7C1A30E84300B7CFD7 /* libopencv_ml.2.4.9.dylib */; };
		699E7BB41A30E84300B7CFD7 /* libopencv_ml.2.4.9.dylib in Frameworks */ = {isa = PBXBuildFile; fileRef = 699E7B7D1A30E84300B7CFD7 /* libopencv_ml.2.4.9.dylib */; };
		699E7BB61A30E84300B7CFD7 /* libopencv_nonfree.2.4.9.dylib in Frameworks */ = {isa = PBXBuildFile; fileRef = 699E7B7F1A30E84300B7CFD7 /* libopencv_nonfree.2.4.9.dylib */; };
		699E7BB71A30E84300B7CFD7 /* libopencv_nonfree.2.4.9.dylib in Frameworks */ = {isa = PBXBuildFile; fileRef = 699E7B801A30E84300B7CFD7 /* libopencv_nonfree.2.4.9.dylib */; };
		699E7BB91A30E84300B7CFD7 /* libopencv_objdetect.2.4.9.dylib in Frameworks */ = {isa = PBXBuildFile; fileRef = 699E7B821A30E84300B7CFD7 /* libopencv_objdetect.2.4.9.dylib */; };
		699E7BBA1A30E84300B7CFD7 /* libopencv_objdetect.2.4.9.dylib in Frameworks */ = {isa = PBXBuildFile; fileRef = 699E7B831A30E84300B7CFD7 /* libopencv_objdetect.2.4.9.dylib */; };
		699E7BBC1A30E84300B7CFD7 /* libopencv_ocl.2.4.9.dylib in Frameworks */ = {isa = PBXBuildFile; fileRef = 699E7B851A30E84300B7CFD7 /* libopencv_ocl.2.4.9.dylib */; };
		699E7BBD1A30E84300B7CFD7 /* libopencv_ocl.2.4.9.dylib in Frameworks */ = {isa = PBXBuildFile; fileRef = 699E7B861A30E84300B7CFD7 /* libopencv_ocl.2.4.9.dylib */; };
		699E7BBF1A30E84300B7CFD7 /* libopencv_photo.2.4.9.dylib in Frameworks */ = {isa = PBXBuildFile; fileRef = 699E7B881A30E84300B7CFD7 /* libopencv_photo.2.4.9.dylib */; };
		699E7BC01A30E84300B7CFD7 /* libopencv_photo.2.4.9.dylib in Frameworks */ = {isa = PBXBuildFile; fileRef = 699E7B891A30E84300B7CFD7 /* libopencv_photo.2.4.9.dylib */; };
		699E7BC21A30E84300B7CFD7 /* libopencv_stitching.2.4.9.dylib in Frameworks */ = {isa = PBXBuildFile; fileRef = 699E7B8B1A30E84300B7CFD7 /* libopencv_stitching.2.4.9.dylib */; };
		699E7BC31A30E84300B7CFD7 /* libopencv_stitching.2.4.9.dylib in Frameworks */ = {isa = PBXBuildFile; fileRef = 699E7B8C1A30E84300B7CFD7 /* libopencv_stitching.2.4.9.dylib */; };
		699E7BC51A30E84300B7CFD7 /* libopencv_superres.2.4.9.dylib in Frameworks */ = {isa = PBXBuildFile; fileRef = 699E7B8E1A30E84300B7CFD7 /* libopencv_superres.2.4.9.dylib */; };
		699E7BC61A30E84300B7CFD7 /* libopencv_superres.2.4.9.dylib in Frameworks */ = {isa = PBXBuildFile; fileRef = 699E7B8F1A30E84300B7CFD7 /* libopencv_superres.2.4.9.dylib */; };
		699E7BC71A30E84300B7CFD7 /* libopencv_ts.a in Frameworks */ = {isa = PBXBuildFile; fileRef = 699E7B901A30E84300B7CFD7 /* libopencv_ts.a */; };
		699E7BC91A30E84300B7CFD7 /* libopencv_video.2.4.9.dylib in Frameworks */ = {isa = PBXBuildFile; fileRef = 699E7B921A30E84300B7CFD7 /* libopencv_video.2.4.9.dylib */; };
		699E7BCA1A30E84300B7CFD7 /* libopencv_video.2.4.9.dylib in Frameworks */ = {isa = PBXBuildFile; fileRef = 699E7B931A30E84300B7CFD7 /* libopencv_video.2.4.9.dylib */; };
		699E7BCC1A30E84300B7CFD7 /* libopencv_videostab.2.4.9.dylib in Frameworks */ = {isa = PBXBuildFile; fileRef = 699E7B951A30E84300B7CFD7 /* libopencv_videostab.2.4.9.dylib */; };
		699E7BCD1A30E84300B7CFD7 /* libopencv_videostab.2.4.9.dylib in Frameworks */ = {isa = PBXBuildFile; fileRef = 699E7B961A30E84300B7CFD7 /* libopencv_videostab.2.4.9.dylib */; };
/* End PBXBuildFile section */

/* Begin PBXContainerItemProxy section */
		69129CDF1A22645400D1B7D3 /* PBXContainerItemProxy */ = {
			isa = PBXContainerItemProxy;
			containerPortal = 69129CC61A22645400D1B7D3 /* Project object */;
			proxyType = 1;
			remoteGlobalIDString = 69129CCD1A22645400D1B7D3;
			remoteInfo = OliviaVideo;
		};
/* End PBXContainerItemProxy section */

/* Begin PBXFileReference section */
		69129CCE1A22645400D1B7D3 /* OliviaVideo.app */ = {isa = PBXFileReference; explicitFileType = wrapper.application; includeInIndex = 0; path = OliviaVideo.app; sourceTree = BUILT_PRODUCTS_DIR; };
		69129CD21A22645400D1B7D3 /* Info.plist */ = {isa = PBXFileReference; lastKnownFileType = text.plist.xml; path = Info.plist; sourceTree = "<group>"; };
		69129CDE1A22645400D1B7D3 /* OliviaVideoTests.xctest */ = {isa = PBXFileReference; explicitFileType = wrapper.cfbundle; includeInIndex = 0; path = OliviaVideoTests.xctest; sourceTree = BUILT_PRODUCTS_DIR; };
		69129CE31A22645400D1B7D3 /* Info.plist */ = {isa = PBXFileReference; lastKnownFileType = text.plist.xml; path = Info.plist; sourceTree = "<group>"; };
		69129CE41A22645400D1B7D3 /* OliviaVideoTests.swift */ = {isa = PBXFileReference; lastKnownFileType = sourcecode.swift; path = OliviaVideoTests.swift; sourceTree = "<group>"; };
		69129D3C1A2267C900D1B7D3 /* decoder.cpp */ = {isa = PBXFileReference; fileEncoding = 4; lastKnownFileType = sourcecode.cpp.cpp; path = decoder.cpp; sourceTree = "<group>"; };
		69129D401A2268A300D1B7D3 /* Bridge-Header.h */ = {isa = PBXFileReference; lastKnownFileType = sourcecode.c.h; path = "Bridge-Header.h"; sourceTree = "<group>"; };
		69129D451A226CCA00D1B7D3 /* decoder.h */ = {isa = PBXFileReference; fileEncoding = 4; lastKnownFileType = sourcecode.c.h; path = decoder.h; sourceTree = "<group>"; };
		698586D41A5F42FB006EA76B /* decoder.cpp */ = {isa = PBXFileReference; lastKnownFileType = sourcecode.cpp.cpp; path = decoder.cpp; sourceTree = "<group>"; };
		698586D61A5FD0FF006EA76B /* file_decoder.cpp */ = {isa = PBXFileReference; fileEncoding = 4; lastKnownFileType = sourcecode.cpp.cpp; path = file_decoder.cpp; sourceTree = "<group>"; };
		698586D81A5FD31E006EA76B /* stream_decoder.cpp */ = {isa = PBXFileReference; fileEncoding = 4; lastKnownFileType = sourcecode.cpp.cpp; path = stream_decoder.cpp; sourceTree = "<group>"; };
		698586D91A5FD31E006EA76B /* stream_decoder.h */ = {isa = PBXFileReference; fileEncoding = 4; lastKnownFileType = sourcecode.c.h; path = stream_decoder.h; sourceTree = "<group>"; };
		699C4D2B1A5E9DDD00D69586 /* libavcodec.56.13.100.dylib */ = {isa = PBXFileReference; lastKnownFileType = "compiled.mach-o.dylib"; name = libavcodec.56.13.100.dylib; path = /usr/local/Cellar/ffmpeg/2.5.2/lib/libavcodec.56.13.100.dylib; sourceTree = "<absolute>"; };
		699C4D2C1A5E9DDD00D69586 /* libavcodec.56.13.100.dylib */ = {isa = PBXFileReference; lastKnownFileType = "compiled.mach-o.dylib"; name = libavcodec.56.13.100.dylib; path = /usr/local/Cellar/ffmpeg/2.5.2/lib/libavcodec.56.13.100.dylib; sourceTree = "<absolute>"; };
		699C4D2D1A5E9DDD00D69586 /* libavcodec.a */ = {isa = PBXFileReference; lastKnownFileType = archive.ar; name = libavcodec.a; path = /usr/local/Cellar/ffmpeg/2.5.2/lib/libavcodec.a; sourceTree = "<absolute>"; };
		699C4D2E1A5E9DDD00D69586 /* libavcodec.56.13.100.dylib */ = {isa = PBXFileReference; lastKnownFileType = "compiled.mach-o.dylib"; name = libavcodec.56.13.100.dylib; path = /usr/local/Cellar/ffmpeg/2.5.2/lib/libavcodec.56.13.100.dylib; sourceTree = "<absolute>"; };
		699C4D2F1A5E9DDD00D69586 /* libavdevice.56.3.100.dylib */ = {isa = PBXFileReference; lastKnownFileType = "compiled.mach-o.dylib"; name = libavdevice.56.3.100.dylib; path = /usr/local/Cellar/ffmpeg/2.5.2/lib/libavdevice.56.3.100.dylib; sourceTree = "<absolute>"; };
		699C4D301A5E9DDD00D69586 /* libavdevice.56.3.100.dylib */ = {isa = PBXFileReference; lastKnownFileType = "compiled.mach-o.dylib"; name = libavdevice.56.3.100.dylib; path = /usr/local/Cellar/ffmpeg/2.5.2/lib/libavdevice.56.3.100.dylib; sourceTree = "<absolute>"; };
		699C4D311A5E9DDD00D69586 /* libavdevice.a */ = {isa = PBXFileReference; lastKnownFileType = archive.ar; name = libavdevice.a; path = /usr/local/Cellar/ffmpeg/2.5.2/lib/libavdevice.a; sourceTree = "<absolute>"; };
		699C4D321A5E9DDD00D69586 /* libavdevice.56.3.100.dylib */ = {isa = PBXFileReference; lastKnownFileType = "compiled.mach-o.dylib"; name = libavdevice.56.3.100.dylib; path = /usr/local/Cellar/ffmpeg/2.5.2/lib/libavdevice.56.3.100.dylib; sourceTree = "<absolute>"; };
		699C4D331A5E9DDD00D69586 /* libavfilter.5.2.103.dylib */ = {isa = PBXFileReference; lastKnownFileType = "compiled.mach-o.dylib"; name = libavfilter.5.2.103.dylib; path = /usr/local/Cellar/ffmpeg/2.5.2/lib/libavfilter.5.2.103.dylib; sourceTree = "<absolute>"; };
		699C4D341A5E9DDD00D69586 /* libavfilter.5.2.103.dylib */ = {isa = PBXFileReference; lastKnownFileType = "compiled.mach-o.dylib"; name = libavfilter.5.2.103.dylib; path = /usr/local/Cellar/ffmpeg/2.5.2/lib/libavfilter.5.2.103.dylib; sourceTree = "<absolute>"; };
		699C4D351A5E9DDD00D69586 /* libavfilter.a */ = {isa = PBXFileReference; lastKnownFileType = archive.ar; name = libavfilter.a; path = /usr/local/Cellar/ffmpeg/2.5.2/lib/libavfilter.a; sourceTree = "<absolute>"; };
		699C4D361A5E9DDD00D69586 /* libavfilter.5.2.103.dylib */ = {isa = PBXFileReference; lastKnownFileType = "compiled.mach-o.dylib"; name = libavfilter.5.2.103.dylib; path = /usr/local/Cellar/ffmpeg/2.5.2/lib/libavfilter.5.2.103.dylib; sourceTree = "<absolute>"; };
		699C4D371A5E9DDD00D69586 /* libavformat.56.15.102.dylib */ = {isa = PBXFileReference; lastKnownFileType = "compiled.mach-o.dylib"; name = libavformat.56.15.102.dylib; path = /usr/local/Cellar/ffmpeg/2.5.2/lib/libavformat.56.15.102.dylib; sourceTree = "<absolute>"; };
		699C4D381A5E9DDD00D69586 /* libavformat.56.15.102.dylib */ = {isa = PBXFileReference; lastKnownFileType = "compiled.mach-o.dylib"; name = libavformat.56.15.102.dylib; path = /usr/local/Cellar/ffmpeg/2.5.2/lib/libavformat.56.15.102.dylib; sourceTree = "<absolute>"; };
		699C4D391A5E9DDD00D69586 /* libavformat.a */ = {isa = PBXFileReference; lastKnownFileType = archive.ar; name = libavformat.a; path = /usr/local/Cellar/ffmpeg/2.5.2/lib/libavformat.a; sourceTree = "<absolute>"; };
		699C4D3A1A5E9DDD00D69586 /* libavformat.56.15.102.dylib */ = {isa = PBXFileReference; lastKnownFileType = "compiled.mach-o.dylib"; name = libavformat.56.15.102.dylib; path = /usr/local/Cellar/ffmpeg/2.5.2/lib/libavformat.56.15.102.dylib; sourceTree = "<absolute>"; };
		699C4D3B1A5E9DDD00D69586 /* libavresample.2.1.0.dylib */ = {isa = PBXFileReference; lastKnownFileType = "compiled.mach-o.dylib"; name = libavresample.2.1.0.dylib; path = /usr/local/Cellar/ffmpeg/2.5.2/lib/libavresample.2.1.0.dylib; sourceTree = "<absolute>"; };
		699C4D3C1A5E9DDD00D69586 /* libavresample.2.1.0.dylib */ = {isa = PBXFileReference; lastKnownFileType = "compiled.mach-o.dylib"; name = libavresample.2.1.0.dylib; path = /usr/local/Cellar/ffmpeg/2.5.2/lib/libavresample.2.1.0.dylib; sourceTree = "<absolute>"; };
		699C4D3D1A5E9DDD00D69586 /* libavresample.a */ = {isa = PBXFileReference; lastKnownFileType = archive.ar; name = libavresample.a; path = /usr/local/Cellar/ffmpeg/2.5.2/lib/libavresample.a; sourceTree = "<absolute>"; };
		699C4D3E1A5E9DDD00D69586 /* libavresample.2.1.0.dylib */ = {isa = PBXFileReference; lastKnownFileType = "compiled.mach-o.dylib"; name = libavresample.2.1.0.dylib; path = /usr/local/Cellar/ffmpeg/2.5.2/lib/libavresample.2.1.0.dylib; sourceTree = "<absolute>"; };
		699C4D3F1A5E9DDD00D69586 /* libavutil.54.15.100.dylib */ = {isa = PBXFileReference; lastKnownFileType = "compiled.mach-o.dylib"; name = libavutil.54.15.100.dylib; path = /usr/local/Cellar/ffmpeg/2.5.2/lib/libavutil.54.15.100.dylib; sourceTree = "<absolute>"; };
		699C4D401A5E9DDD00D69586 /* libavutil.54.15.100.dylib */ = {isa = PBXFileReference; lastKnownFileType = "compiled.mach-o.dylib"; name = libavutil.54.15.100.dylib; path = /usr/local/Cellar/ffmpeg/2.5.2/lib/libavutil.54.15.100.dylib; sourceTree = "<absolute>"; };
		699C4D411A5E9DDD00D69586 /* libavutil.a */ = {isa = PBXFileReference; lastKnownFileType = archive.ar; name = libavutil.a; path = /usr/local/Cellar/ffmpeg/2.5.2/lib/libavutil.a; sourceTree = "<absolute>"; };
		699C4D421A5E9DDD00D69586 /* libavutil.54.15.100.dylib */ = {isa = PBXFileReference; lastKnownFileType = "compiled.mach-o.dylib"; name = libavutil.54.15.100.dylib; path = /usr/local/Cellar/ffmpeg/2.5.2/lib/libavutil.54.15.100.dylib; sourceTree = "<absolute>"; };
		699C4D431A5E9DDD00D69586 /* libpostproc.53.3.100.dylib */ = {isa = PBXFileReference; lastKnownFileType = "compiled.mach-o.dylib"; name = libpostproc.53.3.100.dylib; path = /usr/local/Cellar/ffmpeg/2.5.2/lib/libpostproc.53.3.100.dylib; sourceTree = "<absolute>"; };
		699C4D441A5E9DDD00D69586 /* libpostproc.53.3.100.dylib */ = {isa = PBXFileReference; lastKnownFileType = "compiled.mach-o.dylib"; name = libpostproc.53.3.100.dylib; path = /usr/local/Cellar/ffmpeg/2.5.2/lib/libpostproc.53.3.100.dylib; sourceTree = "<absolute>"; };
		699C4D451A5E9DDD00D69586 /* libpostproc.a */ = {isa = PBXFileReference; lastKnownFileType = archive.ar; name = libpostproc.a; path = /usr/local/Cellar/ffmpeg/2.5.2/lib/libpostproc.a; sourceTree = "<absolute>"; };
		699C4D461A5E9DDD00D69586 /* libpostproc.53.3.100.dylib */ = {isa = PBXFileReference; lastKnownFileType = "compiled.mach-o.dylib"; name = libpostproc.53.3.100.dylib; path = /usr/local/Cellar/ffmpeg/2.5.2/lib/libpostproc.53.3.100.dylib; sourceTree = "<absolute>"; };
		699C4D471A5E9DDD00D69586 /* libswresample.1.1.100.dylib */ = {isa = PBXFileReference; lastKnownFileType = "compiled.mach-o.dylib"; name = libswresample.1.1.100.dylib; path = /usr/local/Cellar/ffmpeg/2.5.2/lib/libswresample.1.1.100.dylib; sourceTree = "<absolute>"; };
		699C4D481A5E9DDD00D69586 /* libswresample.1.1.100.dylib */ = {isa = PBXFileReference; lastKnownFileType = "compiled.mach-o.dylib"; name = libswresample.1.1.100.dylib; path = /usr/local/Cellar/ffmpeg/2.5.2/lib/libswresample.1.1.100.dylib; sourceTree = "<absolute>"; };
		699C4D491A5E9DDD00D69586 /* libswresample.a */ = {isa = PBXFileReference; lastKnownFileType = archive.ar; name = libswresample.a; path = /usr/local/Cellar/ffmpeg/2.5.2/lib/libswresample.a; sourceTree = "<absolute>"; };
		699C4D4A1A5E9DDD00D69586 /* libswresample.1.1.100.dylib */ = {isa = PBXFileReference; lastKnownFileType = "compiled.mach-o.dylib"; name = libswresample.1.1.100.dylib; path = /usr/local/Cellar/ffmpeg/2.5.2/lib/libswresample.1.1.100.dylib; sourceTree = "<absolute>"; };
		699C4D4B1A5E9DDD00D69586 /* libswscale.3.1.101.dylib */ = {isa = PBXFileReference; lastKnownFileType = "compiled.mach-o.dylib"; name = libswscale.3.1.101.dylib; path = /usr/local/Cellar/ffmpeg/2.5.2/lib/libswscale.3.1.101.dylib; sourceTree = "<absolute>"; };
		699C4D4C1A5E9DDD00D69586 /* libswscale.3.1.101.dylib */ = {isa = PBXFileReference; lastKnownFileType = "compiled.mach-o.dylib"; name = libswscale.3.1.101.dylib; path = /usr/local/Cellar/ffmpeg/2.5.2/lib/libswscale.3.1.101.dylib; sourceTree = "<absolute>"; };
		699C4D4D1A5E9DDD00D69586 /* libswscale.a */ = {isa = PBXFileReference; lastKnownFileType = archive.ar; name = libswscale.a; path = /usr/local/Cellar/ffmpeg/2.5.2/lib/libswscale.a; sourceTree = "<absolute>"; };
		699C4D4E1A5E9DDD00D69586 /* libswscale.3.1.101.dylib */ = {isa = PBXFileReference; lastKnownFileType = "compiled.mach-o.dylib"; name = libswscale.3.1.101.dylib; path = /usr/local/Cellar/ffmpeg/2.5.2/lib/libswscale.3.1.101.dylib; sourceTree = "<absolute>"; };
		699C4D751A5EE9EE00D69586 /* c_style_decoder.cpp */ = {isa = PBXFileReference; fileEncoding = 4; lastKnownFileType = sourcecode.cpp.cpp; path = c_style_decoder.cpp; sourceTree = "<group>"; };
		699C4D781A5EEF8700D69586 /* stream_reciver.cpp */ = {isa = PBXFileReference; fileEncoding = 4; lastKnownFileType = sourcecode.cpp.cpp; path = stream_reciver.cpp; sourceTree = "<group>"; };
		699C4D791A5EEF8700D69586 /* stream_reciver.h */ = {isa = PBXFileReference; fileEncoding = 4; lastKnownFileType = sourcecode.c.h; path = stream_reciver.h; sourceTree = "<group>"; };
		699C4D7F1A5EF7A000D69586 /* main.cpp */ = {isa = PBXFileReference; fileEncoding = 4; lastKnownFileType = sourcecode.cpp.cpp; path = main.cpp; sourceTree = "<group>"; };
		699E7B5D1A30E73200B7CFD7 /* cvdisplay.cpp */ = {isa = PBXFileReference; fileEncoding = 4; lastKnownFileType = sourcecode.cpp.cpp; path = cvdisplay.cpp; sourceTree = "<group>"; };
		699E7B5E1A30E73200B7CFD7 /* cvdisplay.h */ = {isa = PBXFileReference; fileEncoding = 4; lastKnownFileType = sourcecode.c.h; path = cvdisplay.h; sourceTree = "<group>"; };
		699E7B601A30E84300B7CFD7 /* libopencv_calib3d.2.4.9.dylib */ = {isa = PBXFileReference; lastKnownFileType = "compiled.mach-o.dylib"; name = libopencv_calib3d.2.4.9.dylib; path = /usr/local/Cellar/opencv/2.4.9/lib/libopencv_calib3d.2.4.9.dylib; sourceTree = "<absolute>"; };
		699E7B611A30E84300B7CFD7 /* libopencv_calib3d.2.4.9.dylib */ = {isa = PBXFileReference; lastKnownFileType = "compiled.mach-o.dylib"; name = libopencv_calib3d.2.4.9.dylib; path = /usr/local/Cellar/opencv/2.4.9/lib/libopencv_calib3d.2.4.9.dylib; sourceTree = "<absolute>"; };
		699E7B621A30E84300B7CFD7 /* libopencv_calib3d.2.4.9.dylib */ = {isa = PBXFileReference; lastKnownFileType = "compiled.mach-o.dylib"; name = libopencv_calib3d.2.4.9.dylib; path = /usr/local/Cellar/opencv/2.4.9/lib/libopencv_calib3d.2.4.9.dylib; sourceTree = "<absolute>"; };
		699E7B631A30E84300B7CFD7 /* libopencv_contrib.2.4.9.dylib */ = {isa = PBXFileReference; lastKnownFileType = "compiled.mach-o.dylib"; name = libopencv_contrib.2.4.9.dylib; path = /usr/local/Cellar/opencv/2.4.9/lib/libopencv_contrib.2.4.9.dylib; sourceTree = "<absolute>"; };
		699E7B641A30E84300B7CFD7 /* libopencv_contrib.2.4.9.dylib */ = {isa = PBXFileReference; lastKnownFileType = "compiled.mach-o.dylib"; name = libopencv_contrib.2.4.9.dylib; path = /usr/local/Cellar/opencv/2.4.9/lib/libopencv_contrib.2.4.9.dylib; sourceTree = "<absolute>"; };
		699E7B651A30E84300B7CFD7 /* libopencv_contrib.2.4.9.dylib */ = {isa = PBXFileReference; lastKnownFileType = "compiled.mach-o.dylib"; name = libopencv_contrib.2.4.9.dylib; path = /usr/local/Cellar/opencv/2.4.9/lib/libopencv_contrib.2.4.9.dylib; sourceTree = "<absolute>"; };
		699E7B661A30E84300B7CFD7 /* libopencv_core.2.4.9.dylib */ = {isa = PBXFileReference; lastKnownFileType = "compiled.mach-o.dylib"; name = libopencv_core.2.4.9.dylib; path = /usr/local/Cellar/opencv/2.4.9/lib/libopencv_core.2.4.9.dylib; sourceTree = "<absolute>"; };
		699E7B671A30E84300B7CFD7 /* libopencv_core.2.4.9.dylib */ = {isa = PBXFileReference; lastKnownFileType = "compiled.mach-o.dylib"; name = libopencv_core.2.4.9.dylib; path = /usr/local/Cellar/opencv/2.4.9/lib/libopencv_core.2.4.9.dylib; sourceTree = "<absolute>"; };
		699E7B681A30E84300B7CFD7 /* libopencv_core.2.4.9.dylib */ = {isa = PBXFileReference; lastKnownFileType = "compiled.mach-o.dylib"; name = libopencv_core.2.4.9.dylib; path = /usr/local/Cellar/opencv/2.4.9/lib/libopencv_core.2.4.9.dylib; sourceTree = "<absolute>"; };
		699E7B691A30E84300B7CFD7 /* libopencv_features2d.2.4.9.dylib */ = {isa = PBXFileReference; lastKnownFileType = "compiled.mach-o.dylib"; name = libopencv_features2d.2.4.9.dylib; path = /usr/local/Cellar/opencv/2.4.9/lib/libopencv_features2d.2.4.9.dylib; sourceTree = "<absolute>"; };
		699E7B6A1A30E84300B7CFD7 /* libopencv_features2d.2.4.9.dylib */ = {isa = PBXFileReference; lastKnownFileType = "compiled.mach-o.dylib"; name = libopencv_features2d.2.4.9.dylib; path = /usr/local/Cellar/opencv/2.4.9/lib/libopencv_features2d.2.4.9.dylib; sourceTree = "<absolute>"; };
		699E7B6B1A30E84300B7CFD7 /* libopencv_features2d.2.4.9.dylib */ = {isa = PBXFileReference; lastKnownFileType = "compiled.mach-o.dylib"; name = libopencv_features2d.2.4.9.dylib; path = /usr/local/Cellar/opencv/2.4.9/lib/libopencv_features2d.2.4.9.dylib; sourceTree = "<absolute>"; };
		699E7B6C1A30E84300B7CFD7 /* libopencv_flann.2.4.9.dylib */ = {isa = PBXFileReference; lastKnownFileType = "compiled.mach-o.dylib"; name = libopencv_flann.2.4.9.dylib; path = /usr/local/Cellar/opencv/2.4.9/lib/libopencv_flann.2.4.9.dylib; sourceTree = "<absolute>"; };
		699E7B6D1A30E84300B7CFD7 /* libopencv_flann.2.4.9.dylib */ = {isa = PBXFileReference; lastKnownFileType = "compiled.mach-o.dylib"; name = libopencv_flann.2.4.9.dylib; path = /usr/local/Cellar/opencv/2.4.9/lib/libopencv_flann.2.4.9.dylib; sourceTree = "<absolute>"; };
		699E7B6E1A30E84300B7CFD7 /* libopencv_flann.2.4.9.dylib */ = {isa = PBXFileReference; lastKnownFileType = "compiled.mach-o.dylib"; name = libopencv_flann.2.4.9.dylib; path = /usr/local/Cellar/opencv/2.4.9/lib/libopencv_flann.2.4.9.dylib; sourceTree = "<absolute>"; };
		699E7B6F1A30E84300B7CFD7 /* libopencv_gpu.2.4.9.dylib */ = {isa = PBXFileReference; lastKnownFileType = "compiled.mach-o.dylib"; name = libopencv_gpu.2.4.9.dylib; path = /usr/local/Cellar/opencv/2.4.9/lib/libopencv_gpu.2.4.9.dylib; sourceTree = "<absolute>"; };
		699E7B701A30E84300B7CFD7 /* libopencv_gpu.2.4.9.dylib */ = {isa = PBXFileReference; lastKnownFileType = "compiled.mach-o.dylib"; name = libopencv_gpu.2.4.9.dylib; path = /usr/local/Cellar/opencv/2.4.9/lib/libopencv_gpu.2.4.9.dylib; sourceTree = "<absolute>"; };
		699E7B711A30E84300B7CFD7 /* libopencv_gpu.2.4.9.dylib */ = {isa = PBXFileReference; lastKnownFileType = "compiled.mach-o.dylib"; name = libopencv_gpu.2.4.9.dylib; path = /usr/local/Cellar/opencv/2.4.9/lib/libopencv_gpu.2.4.9.dylib; sourceTree = "<absolute>"; };
		699E7B721A30E84300B7CFD7 /* libopencv_highgui.2.4.9.dylib */ = {isa = PBXFileReference; lastKnownFileType = "compiled.mach-o.dylib"; name = libopencv_highgui.2.4.9.dylib; path = /usr/local/Cellar/opencv/2.4.9/lib/libopencv_highgui.2.4.9.dylib; sourceTree = "<absolute>"; };
		699E7B731A30E84300B7CFD7 /* libopencv_highgui.2.4.9.dylib */ = {isa = PBXFileReference; lastKnownFileType = "compiled.mach-o.dylib"; name = libopencv_highgui.2.4.9.dylib; path = /usr/local/Cellar/opencv/2.4.9/lib/libopencv_highgui.2.4.9.dylib; sourceTree = "<absolute>"; };
		699E7B741A30E84300B7CFD7 /* libopencv_highgui.2.4.9.dylib */ = {isa = PBXFileReference; lastKnownFileType = "compiled.mach-o.dylib"; name = libopencv_highgui.2.4.9.dylib; path = /usr/local/Cellar/opencv/2.4.9/lib/libopencv_highgui.2.4.9.dylib; sourceTree = "<absolute>"; };
		699E7B751A30E84300B7CFD7 /* libopencv_imgproc.2.4.9.dylib */ = {isa = PBXFileReference; lastKnownFileType = "compiled.mach-o.dylib"; name = libopencv_imgproc.2.4.9.dylib; path = /usr/local/Cellar/opencv/2.4.9/lib/libopencv_imgproc.2.4.9.dylib; sourceTree = "<absolute>"; };
		699E7B761A30E84300B7CFD7 /* libopencv_imgproc.2.4.9.dylib */ = {isa = PBXFileReference; lastKnownFileType = "compiled.mach-o.dylib"; name = libopencv_imgproc.2.4.9.dylib; path = /usr/local/Cellar/opencv/2.4.9/lib/libopencv_imgproc.2.4.9.dylib; sourceTree = "<absolute>"; };
		699E7B771A30E84300B7CFD7 /* libopencv_imgproc.2.4.9.dylib */ = {isa = PBXFileReference; lastKnownFileType = "compiled.mach-o.dylib"; name = libopencv_imgproc.2.4.9.dylib; path = /usr/local/Cellar/opencv/2.4.9/lib/libopencv_imgproc.2.4.9.dylib; sourceTree = "<absolute>"; };
		699E7B781A30E84300B7CFD7 /* libopencv_legacy.2.4.9.dylib */ = {isa = PBXFileReference; lastKnownFileType = "compiled.mach-o.dylib"; name = libopencv_legacy.2.4.9.dylib; path = /usr/local/Cellar/opencv/2.4.9/lib/libopencv_legacy.2.4.9.dylib; sourceTree = "<absolute>"; };
		699E7B791A30E84300B7CFD7 /* libopencv_legacy.2.4.9.dylib */ = {isa = PBXFileReference; lastKnownFileType = "compiled.mach-o.dylib"; name = libopencv_legacy.2.4.9.dylib; path = /usr/local/Cellar/opencv/2.4.9/lib/libopencv_legacy.2.4.9.dylib; sourceTree = "<absolute>"; };
		699E7B7A1A30E84300B7CFD7 /* libopencv_legacy.2.4.9.dylib */ = {isa = PBXFileReference; lastKnownFileType = "compiled.mach-o.dylib"; name = libopencv_legacy.2.4.9.dylib; path = /usr/local/Cellar/opencv/2.4.9/lib/libopencv_legacy.2.4.9.dylib; sourceTree = "<absolute>"; };
		699E7B7B1A30E84300B7CFD7 /* libopencv_ml.2.4.9.dylib */ = {isa = PBXFileReference; lastKnownFileType = "compiled.mach-o.dylib"; name = libopencv_ml.2.4.9.dylib; path = /usr/local/Cellar/opencv/2.4.9/lib/libopencv_ml.2.4.9.dylib; sourceTree = "<absolute>"; };
		699E7B7C1A30E84300B7CFD7 /* libopencv_ml.2.4.9.dylib */ = {isa = PBXFileReference; lastKnownFileType = "compiled.mach-o.dylib"; name = libopencv_ml.2.4.9.dylib; path = /usr/local/Cellar/opencv/2.4.9/lib/libopencv_ml.2.4.9.dylib; sourceTree = "<absolute>"; };
		699E7B7D1A30E84300B7CFD7 /* libopencv_ml.2.4.9.dylib */ = {isa = PBXFileReference; lastKnownFileType = "compiled.mach-o.dylib"; name = libopencv_ml.2.4.9.dylib; path = /usr/local/Cellar/opencv/2.4.9/lib/libopencv_ml.2.4.9.dylib; sourceTree = "<absolute>"; };
		699E7B7E1A30E84300B7CFD7 /* libopencv_nonfree.2.4.9.dylib */ = {isa = PBXFileReference; lastKnownFileType = "compiled.mach-o.dylib"; name = libopencv_nonfree.2.4.9.dylib; path = /usr/local/Cellar/opencv/2.4.9/lib/libopencv_nonfree.2.4.9.dylib; sourceTree = "<absolute>"; };
		699E7B7F1A30E84300B7CFD7 /* libopencv_nonfree.2.4.9.dylib */ = {isa = PBXFileReference; lastKnownFileType = "compiled.mach-o.dylib"; name = libopencv_nonfree.2.4.9.dylib; path = /usr/local/Cellar/opencv/2.4.9/lib/libopencv_nonfree.2.4.9.dylib; sourceTree = "<absolute>"; };
		699E7B801A30E84300B7CFD7 /* libopencv_nonfree.2.4.9.dylib */ = {isa = PBXFileReference; lastKnownFileType = "compiled.mach-o.dylib"; name = libopencv_nonfree.2.4.9.dylib; path = /usr/local/Cellar/opencv/2.4.9/lib/libopencv_nonfree.2.4.9.dylib; sourceTree = "<absolute>"; };
		699E7B811A30E84300B7CFD7 /* libopencv_objdetect.2.4.9.dylib */ = {isa = PBXFileReference; lastKnownFileType = "compiled.mach-o.dylib"; name = libopencv_objdetect.2.4.9.dylib; path = /usr/local/Cellar/opencv/2.4.9/lib/libopencv_objdetect.2.4.9.dylib; sourceTree = "<absolute>"; };
		699E7B821A30E84300B7CFD7 /* libopencv_objdetect.2.4.9.dylib */ = {isa = PBXFileReference; lastKnownFileType = "compiled.mach-o.dylib"; name = libopencv_objdetect.2.4.9.dylib; path = /usr/local/Cellar/opencv/2.4.9/lib/libopencv_objdetect.2.4.9.dylib; sourceTree = "<absolute>"; };
		699E7B831A30E84300B7CFD7 /* libopencv_objdetect.2.4.9.dylib */ = {isa = PBXFileReference; lastKnownFileType = "compiled.mach-o.dylib"; name = libopencv_objdetect.2.4.9.dylib; path = /usr/local/Cellar/opencv/2.4.9/lib/libopencv_objdetect.2.4.9.dylib; sourceTree = "<absolute>"; };
		699E7B841A30E84300B7CFD7 /* libopencv_ocl.2.4.9.dylib */ = {isa = PBXFileReference; lastKnownFileType = "compiled.mach-o.dylib"; name = libopencv_ocl.2.4.9.dylib; path = /usr/local/Cellar/opencv/2.4.9/lib/libopencv_ocl.2.4.9.dylib; sourceTree = "<absolute>"; };
		699E7B851A30E84300B7CFD7 /* libopencv_ocl.2.4.9.dylib */ = {isa = PBXFileReference; lastKnownFileType = "compiled.mach-o.dylib"; name = libopencv_ocl.2.4.9.dylib; path = /usr/local/Cellar/opencv/2.4.9/lib/libopencv_ocl.2.4.9.dylib; sourceTree = "<absolute>"; };
		699E7B861A30E84300B7CFD7 /* libopencv_ocl.2.4.9.dylib */ = {isa = PBXFileReference; lastKnownFileType = "compiled.mach-o.dylib"; name = libopencv_ocl.2.4.9.dylib; path = /usr/local/Cellar/opencv/2.4.9/lib/libopencv_ocl.2.4.9.dylib; sourceTree = "<absolute>"; };
		699E7B871A30E84300B7CFD7 /* libopencv_photo.2.4.9.dylib */ = {isa = PBXFileReference; lastKnownFileType = "compiled.mach-o.dylib"; name = libopencv_photo.2.4.9.dylib; path = /usr/local/Cellar/opencv/2.4.9/lib/libopencv_photo.2.4.9.dylib; sourceTree = "<absolute>"; };
		699E7B881A30E84300B7CFD7 /* libopencv_photo.2.4.9.dylib */ = {isa = PBXFileReference; lastKnownFileType = "compiled.mach-o.dylib"; name = libopencv_photo.2.4.9.dylib; path = /usr/local/Cellar/opencv/2.4.9/lib/libopencv_photo.2.4.9.dylib; sourceTree = "<absolute>"; };
		699E7B891A30E84300B7CFD7 /* libopencv_photo.2.4.9.dylib */ = {isa = PBXFileReference; lastKnownFileType = "compiled.mach-o.dylib"; name = libopencv_photo.2.4.9.dylib; path = /usr/local/Cellar/opencv/2.4.9/lib/libopencv_photo.2.4.9.dylib; sourceTree = "<absolute>"; };
		699E7B8A1A30E84300B7CFD7 /* libopencv_stitching.2.4.9.dylib */ = {isa = PBXFileReference; lastKnownFileType = "compiled.mach-o.dylib"; name = libopencv_stitching.2.4.9.dylib; path = /usr/local/Cellar/opencv/2.4.9/lib/libopencv_stitching.2.4.9.dylib; sourceTree = "<absolute>"; };
		699E7B8B1A30E84300B7CFD7 /* libopencv_stitching.2.4.9.dylib */ = {isa = PBXFileReference; lastKnownFileType = "compiled.mach-o.dylib"; name = libopencv_stitching.2.4.9.dylib; path = /usr/local/Cellar/opencv/2.4.9/lib/libopencv_stitching.2.4.9.dylib; sourceTree = "<absolute>"; };
		699E7B8C1A30E84300B7CFD7 /* libopencv_stitching.2.4.9.dylib */ = {isa = PBXFileReference; lastKnownFileType = "compiled.mach-o.dylib"; name = libopencv_stitching.2.4.9.dylib; path = /usr/local/Cellar/opencv/2.4.9/lib/libopencv_stitching.2.4.9.dylib; sourceTree = "<absolute>"; };
		699E7B8D1A30E84300B7CFD7 /* libopencv_superres.2.4.9.dylib */ = {isa = PBXFileReference; lastKnownFileType = "compiled.mach-o.dylib"; name = libopencv_superres.2.4.9.dylib; path = /usr/local/Cellar/opencv/2.4.9/lib/libopencv_superres.2.4.9.dylib; sourceTree = "<absolute>"; };
		699E7B8E1A30E84300B7CFD7 /* libopencv_superres.2.4.9.dylib */ = {isa = PBXFileReference; lastKnownFileType = "compiled.mach-o.dylib"; name = libopencv_superres.2.4.9.dylib; path = /usr/local/Cellar/opencv/2.4.9/lib/libopencv_superres.2.4.9.dylib; sourceTree = "<absolute>"; };
		699E7B8F1A30E84300B7CFD7 /* libopencv_superres.2.4.9.dylib */ = {isa = PBXFileReference; lastKnownFileType = "compiled.mach-o.dylib"; name = libopencv_superres.2.4.9.dylib; path = /usr/local/Cellar/opencv/2.4.9/lib/libopencv_superres.2.4.9.dylib; sourceTree = "<absolute>"; };
		699E7B901A30E84300B7CFD7 /* libopencv_ts.a */ = {isa = PBXFileReference; lastKnownFileType = archive.ar; name = libopencv_ts.a; path = /usr/local/Cellar/opencv/2.4.9/lib/libopencv_ts.a; sourceTree = "<absolute>"; };
		699E7B911A30E84300B7CFD7 /* libopencv_video.2.4.9.dylib */ = {isa = PBXFileReference; lastKnownFileType = "compiled.mach-o.dylib"; name = libopencv_video.2.4.9.dylib; path = /usr/local/Cellar/opencv/2.4.9/lib/libopencv_video.2.4.9.dylib; sourceTree = "<absolute>"; };
		699E7B921A30E84300B7CFD7 /* libopencv_video.2.4.9.dylib */ = {isa = PBXFileReference; lastKnownFileType = "compiled.mach-o.dylib"; name = libopencv_video.2.4.9.dylib; path = /usr/local/Cellar/opencv/2.4.9/lib/libopencv_video.2.4.9.dylib; sourceTree = "<absolute>"; };
		699E7B931A30E84300B7CFD7 /* libopencv_video.2.4.9.dylib */ = {isa = PBXFileReference; lastKnownFileType = "compiled.mach-o.dylib"; name = libopencv_video.2.4.9.dylib; path = /usr/local/Cellar/opencv/2.4.9/lib/libopencv_video.2.4.9.dylib; sourceTree = "<absolute>"; };
		699E7B941A30E84300B7CFD7 /* libopencv_videostab.2.4.9.dylib */ = {isa = PBXFileReference; lastKnownFileType = "compiled.mach-o.dylib"; name = libopencv_videostab.2.4.9.dylib; path = /usr/local/Cellar/opencv/2.4.9/lib/libopencv_videostab.2.4.9.dylib; sourceTree = "<absolute>"; };
		699E7B951A30E84300B7CFD7 /* libopencv_videostab.2.4.9.dylib */ = {isa = PBXFileReference; lastKnownFileType = "compiled.mach-o.dylib"; name = libopencv_videostab.2.4.9.dylib; path = /usr/local/Cellar/opencv/2.4.9/lib/libopencv_videostab.2.4.9.dylib; sourceTree = "<absolute>"; };
		699E7B961A30E84300B7CFD7 /* libopencv_videostab.2.4.9.dylib */ = {isa = PBXFileReference; lastKnownFileType = "compiled.mach-o.dylib"; name = libopencv_videostab.2.4.9.dylib; path = /usr/local/Cellar/opencv/2.4.9/lib/libopencv_videostab.2.4.9.dylib; sourceTree = "<absolute>"; };
/* End PBXFileReference section */

/* Begin PBXFrameworksBuildPhase section */
		69129CCB1A22645400D1B7D3 /* Frameworks */ = {
			isa = PBXFrameworksBuildPhase;
			buildActionMask = 2147483647;
			files = (
				699E7B981A30E84300B7CFD7 /* libopencv_calib3d.2.4.9.dylib in Frameworks */,
				699E7B991A30E84300B7CFD7 /* libopencv_calib3d.2.4.9.dylib in Frameworks */,
				699E7B991A30E84300B7CFD7 /* libopencv_calib3d.2.4.9.dylib in Frameworks */,
				699E7B9C1A30E84300B7CFD7 /* libopencv_contrib.2.4.9.dylib in Frameworks */,
				699C4D721A5E9DDD00D69586 /* libswscale.3.1.101.dylib in Frameworks */,
				699E7B9F1A30E84300B7CFD7 /* libopencv_core.2.4.9.dylib in Frameworks */,
				699E7B9B1A30E84300B7CFD7 /* libopencv_contrib.2.4.9.dylib in Frameworks */,
				699E7BA21A30E84300B7CFD7 /* libopencv_features2d.2.4.9.dylib in Frameworks */,
				699C4D6E1A5E9DDD00D69586 /* libswresample.1.1.100.dylib in Frameworks */,
				699E7BA51A30E84300B7CFD7 /* libopencv_flann.2.4.9.dylib in Frameworks */,
				699C4D711A5E9DDD00D69586 /* libswscale.a in Frameworks */,
				699E7BA81A30E84300B7CFD7 /* libopencv_gpu.2.4.9.dylib in Frameworks */,
				699E7B9C1A30E84300B7CFD7 /* libopencv_contrib.2.4.9.dylib in Frameworks */,
				699E7BAB1A30E84300B7CFD7 /* libopencv_highgui.2.4.9.dylib in Frameworks */,
				699C4D661A5E9DDD00D69586 /* libavutil.54.15.100.dylib in Frameworks */,
				699E7BAE1A30E84300B7CFD7 /* libopencv_imgproc.2.4.9.dylib in Frameworks */,
				699E7B9E1A30E84300B7CFD7 /* libopencv_core.2.4.9.dylib in Frameworks */,
				699E7BB11A30E84300B7CFD7 /* libopencv_legacy.2.4.9.dylib in Frameworks */,
				699E7B9F1A30E84300B7CFD7 /* libopencv_core.2.4.9.dylib in Frameworks */,
				699E7BB41A30E84300B7CFD7 /* libopencv_ml.2.4.9.dylib in Frameworks */,
				699C4D5E1A5E9DDD00D69586 /* libavformat.56.15.102.dylib in Frameworks */,
				699E7BB71A30E84300B7CFD7 /* libopencv_nonfree.2.4.9.dylib in Frameworks */,
				699C4D601A5E9DDD00D69586 /* libavresample.2.1.0.dylib in Frameworks */,
				699E7BBA1A30E84300B7CFD7 /* libopencv_objdetect.2.4.9.dylib in Frameworks */,
				699E7BA11A30E84300B7CFD7 /* libopencv_features2d.2.4.9.dylib in Frameworks */,
				699E7BBD1A30E84300B7CFD7 /* libopencv_ocl.2.4.9.dylib in Frameworks */,
				699C4D561A5E9DDD00D69586 /* libavdevice.56.3.100.dylib in Frameworks */,
				699E7BC01A30E84300B7CFD7 /* libopencv_photo.2.4.9.dylib in Frameworks */,
				699E7BA21A30E84300B7CFD7 /* libopencv_features2d.2.4.9.dylib in Frameworks */,
				699E7BC31A30E84300B7CFD7 /* libopencv_stitching.2.4.9.dylib in Frameworks */,
				699C4D551A5E9DDD00D69586 /* libavdevice.a in Frameworks */,
				699E7BC61A30E84300B7CFD7 /* libopencv_superres.2.4.9.dylib in Frameworks */,
				699E7BC71A30E84300B7CFD7 /* libopencv_ts.a in Frameworks */,
				699E7BA41A30E84300B7CFD7 /* libopencv_flann.2.4.9.dylib in Frameworks */,
				699E7BCA1A30E84300B7CFD7 /* libopencv_video.2.4.9.dylib in Frameworks */,
				699C4D701A5E9DDD00D69586 /* libswscale.3.1.101.dylib in Frameworks */,
				699E7BCD1A30E84300B7CFD7 /* libopencv_videostab.2.4.9.dylib in Frameworks */,
				699C4D691A5E9DDD00D69586 /* libpostproc.a in Frameworks */,
				699C4D671A5E9DDD00D69586 /* libpostproc.53.3.100.dylib in Frameworks */,
				699C4D541A5E9DDD00D69586 /* libavdevice.56.3.100.dylib in Frameworks */,
				699E7BA51A30E84300B7CFD7 /* libopencv_flann.2.4.9.dylib in Frameworks */,
				699C4D5A1A5E9DDD00D69586 /* libavfilter.5.2.103.dylib in Frameworks */,
				699C4D631A5E9DDD00D69586 /* libavutil.54.15.100.dylib in Frameworks */,
				699C4D621A5E9DDD00D69586 /* libavresample.2.1.0.dylib in Frameworks */,
				699E7BA71A30E84300B7CFD7 /* libopencv_gpu.2.4.9.dylib in Frameworks */,
				699E7BA81A30E84300B7CFD7 /* libopencv_gpu.2.4.9.dylib in Frameworks */,
				699C4D4F1A5E9DDD00D69586 /* libavcodec.56.13.100.dylib in Frameworks */,
				699C4D5D1A5E9DDD00D69586 /* libavformat.a in Frameworks */,
				699E7BAA1A30E84300B7CFD7 /* libopencv_highgui.2.4.9.dylib in Frameworks */,
				699C4D511A5E9DDD00D69586 /* libavcodec.a in Frameworks */,
				699E7BAB1A30E84300B7CFD7 /* libopencv_highgui.2.4.9.dylib in Frameworks */,
				699C4D501A5E9DDD00D69586 /* libavcodec.56.13.100.dylib in Frameworks */,
				699E7BAD1A30E84300B7CFD7 /* libopencv_imgproc.2.4.9.dylib in Frameworks */,
				699E7BAE1A30E84300B7CFD7 /* libopencv_imgproc.2.4.9.dylib in Frameworks */,
				699C4D651A5E9DDD00D69586 /* libavutil.a in Frameworks */,
				699E7BB01A30E84300B7CFD7 /* libopencv_legacy.2.4.9.dylib in Frameworks */,
				699C4D681A5E9DDD00D69586 /* libpostproc.53.3.100.dylib in Frameworks */,
				699E7BB11A30E84300B7CFD7 /* libopencv_legacy.2.4.9.dylib in Frameworks */,
				699C4D6B1A5E9DDD00D69586 /* libswresample.1.1.100.dylib in Frameworks */,
				699E7BB31A30E84300B7CFD7 /* libopencv_ml.2.4.9.dylib in Frameworks */,
				699E7BB41A30E84300B7CFD7 /* libopencv_ml.2.4.9.dylib in Frameworks */,
				699E7BB61A30E84300B7CFD7 /* libopencv_nonfree.2.4.9.dylib in Frameworks */,
				699E7BB71A30E84300B7CFD7 /* libopencv_nonfree.2.4.9.dylib in Frameworks */,
				699E7BB91A30E84300B7CFD7 /* libopencv_objdetect.2.4.9.dylib in Frameworks */,
				699E7BBA1A30E84300B7CFD7 /* libopencv_objdetect.2.4.9.dylib in Frameworks */,
				699C4D591A5E9DDD00D69586 /* libavfilter.a in Frameworks */,
				699E7BBC1A30E84300B7CFD7 /* libopencv_ocl.2.4.9.dylib in Frameworks */,
				699C4D5B1A5E9DDD00D69586 /* libavformat.56.15.102.dylib in Frameworks */,
				699C4D6D1A5E9DDD00D69586 /* libswresample.a in Frameworks */,
				699E7BBD1A30E84300B7CFD7 /* libopencv_ocl.2.4.9.dylib in Frameworks */,
				699E7BBF1A30E84300B7CFD7 /* libopencv_photo.2.4.9.dylib in Frameworks */,
				699E7BC01A30E84300B7CFD7 /* libopencv_photo.2.4.9.dylib in Frameworks */,
				699C4D6C1A5E9DDD00D69586 /* libswresample.1.1.100.dylib in Frameworks */,
				699C4D5C1A5E9DDD00D69586 /* libavformat.56.15.102.dylib in Frameworks */,
				699C4D6F1A5E9DDD00D69586 /* libswscale.3.1.101.dylib in Frameworks */,
				699E7BC21A30E84300B7CFD7 /* libopencv_stitching.2.4.9.dylib in Frameworks */,
				699C4D531A5E9DDD00D69586 /* libavdevice.56.3.100.dylib in Frameworks */,
				699E7BC31A30E84300B7CFD7 /* libopencv_stitching.2.4.9.dylib in Frameworks */,
				699C4D641A5E9DDD00D69586 /* libavutil.54.15.100.dylib in Frameworks */,
				699C4D571A5E9DDD00D69586 /* libavfilter.5.2.103.dylib in Frameworks */,
				699E7BC51A30E84300B7CFD7 /* libopencv_superres.2.4.9.dylib in Frameworks */,
				699E7BC61A30E84300B7CFD7 /* libopencv_superres.2.4.9.dylib in Frameworks */,
				699C4D5F1A5E9DDD00D69586 /* libavresample.2.1.0.dylib in Frameworks */,
				699C4D581A5E9DDD00D69586 /* libavfilter.5.2.103.dylib in Frameworks */,
				699E7BC91A30E84300B7CFD7 /* libopencv_video.2.4.9.dylib in Frameworks */,
				699C4D6A1A5E9DDD00D69586 /* libpostproc.53.3.100.dylib in Frameworks */,
				699C4D521A5E9DDD00D69586 /* libavcodec.56.13.100.dylib in Frameworks */,
				699E7BCA1A30E84300B7CFD7 /* libopencv_video.2.4.9.dylib in Frameworks */,
				699E7BCC1A30E84300B7CFD7 /* libopencv_videostab.2.4.9.dylib in Frameworks */,
				699E7BCD1A30E84300B7CFD7 /* libopencv_videostab.2.4.9.dylib in Frameworks */,
				699C4D611A5E9DDD00D69586 /* libavresample.a in Frameworks */,
			);
			runOnlyForDeploymentPostprocessing = 0;
		};
		69129CDB1A22645400D1B7D3 /* Frameworks */ = {
			isa = PBXFrameworksBuildPhase;
			buildActionMask = 2147483647;
			files = (
			);
			runOnlyForDeploymentPostprocessing = 0;
		};
/* End PBXFrameworksBuildPhase section */

/* Begin PBXGroup section */
		69129CC51A22645400D1B7D3 = {
			isa = PBXGroup;
			children = (
				69129D3B1A2264C800D1B7D3 /* LIB */,
				69129CD01A22645400D1B7D3 /* OliviaVideo */,
				69129CE11A22645400D1B7D3 /* OliviaVideoTests */,
				69129CCF1A22645400D1B7D3 /* Products */,
			);
			sourceTree = "<group>";
		};
		69129CCF1A22645400D1B7D3 /* Products */ = {
			isa = PBXGroup;
			children = (
				69129CCE1A22645400D1B7D3 /* OliviaVideo.app */,
				69129CDE1A22645400D1B7D3 /* OliviaVideoTests.xctest */,
			);
			name = Products;
			sourceTree = "<group>";
		};
		69129CD01A22645400D1B7D3 /* OliviaVideo */ = {
			isa = PBXGroup;
			children = (
				698586D41A5F42FB006EA76B /* decoder.cpp */,
				699E7B5D1A30E73200B7CFD7 /* cvdisplay.cpp */,
				699E7B5E1A30E73200B7CFD7 /* cvdisplay.h */,
				69129D451A226CCA00D1B7D3 /* decoder.h */,
				69129D401A2268A300D1B7D3 /* Bridge-Header.h */,
				69129D3C1A2267C900D1B7D3 /* decoder.cpp */,
				69129CD11A22645400D1B7D3 /* Supporting Files */,
				699C4D751A5EE9EE00D69586 /* c_style_decoder.cpp */,
				699C4D781A5EEF8700D69586 /* stream_reciver.cpp */,
				699C4D791A5EEF8700D69586 /* stream_reciver.h */,
				699C4D7F1A5EF7A000D69586 /* main.cpp */,
				698586D61A5FD0FF006EA76B /* file_decoder.cpp */,
				698586D81A5FD31E006EA76B /* stream_decoder.cpp */,
				698586D91A5FD31E006EA76B /* stream_decoder.h */,
			);
			path = OliviaVideo;
			sourceTree = "<group>";
		};
		69129CD11A22645400D1B7D3 /* Supporting Files */ = {
			isa = PBXGroup;
			children = (
				69129CD21A22645400D1B7D3 /* Info.plist */,
			);
			name = "Supporting Files";
			sourceTree = "<group>";
		};
		69129CE11A22645400D1B7D3 /* OliviaVideoTests */ = {
			isa = PBXGroup;
			children = (
				69129CE41A22645400D1B7D3 /* OliviaVideoTests.swift */,
				69129CE21A22645400D1B7D3 /* Supporting Files */,
			);
			path = OliviaVideoTests;
			sourceTree = "<group>";
		};
		69129CE21A22645400D1B7D3 /* Supporting Files */ = {
			isa = PBXGroup;
			children = (
				69129CE31A22645400D1B7D3 /* Info.plist */,
			);
			name = "Supporting Files";
			sourceTree = "<group>";
		};
		69129D3B1A2264C800D1B7D3 /* LIB */ = {
			isa = PBXGroup;
			children = (
				699C4D2B1A5E9DDD00D69586 /* libavcodec.56.13.100.dylib */,
				699C4D2C1A5E9DDD00D69586 /* libavcodec.56.13.100.dylib */,
				699C4D2D1A5E9DDD00D69586 /* libavcodec.a */,
				699C4D2E1A5E9DDD00D69586 /* libavcodec.56.13.100.dylib */,
				699C4D2F1A5E9DDD00D69586 /* libavdevice.56.3.100.dylib */,
				699C4D301A5E9DDD00D69586 /* libavdevice.56.3.100.dylib */,
				699C4D311A5E9DDD00D69586 /* libavdevice.a */,
				699C4D321A5E9DDD00D69586 /* libavdevice.56.3.100.dylib */,
				699C4D331A5E9DDD00D69586 /* libavfilter.5.2.103.dylib */,
				699C4D341A5E9DDD00D69586 /* libavfilter.5.2.103.dylib */,
				699C4D351A5E9DDD00D69586 /* libavfilter.a */,
				699C4D361A5E9DDD00D69586 /* libavfilter.5.2.103.dylib */,
				699C4D371A5E9DDD00D69586 /* libavformat.56.15.102.dylib */,
				699C4D381A5E9DDD00D69586 /* libavformat.56.15.102.dylib */,
				699C4D391A5E9DDD00D69586 /* libavformat.a */,
				699C4D3A1A5E9DDD00D69586 /* libavformat.56.15.102.dylib */,
				699C4D3B1A5E9DDD00D69586 /* libavresample.2.1.0.dylib */,
				699C4D3C1A5E9DDD00D69586 /* libavresample.2.1.0.dylib */,
				699C4D3D1A5E9DDD00D69586 /* libavresample.a */,
				699C4D3E1A5E9DDD00D69586 /* libavresample.2.1.0.dylib */,
				699C4D3F1A5E9DDD00D69586 /* libavutil.54.15.100.dylib */,
				699C4D401A5E9DDD00D69586 /* libavutil.54.15.100.dylib */,
				699C4D411A5E9DDD00D69586 /* libavutil.a */,
				699C4D421A5E9DDD00D69586 /* libavutil.54.15.100.dylib */,
				699C4D431A5E9DDD00D69586 /* libpostproc.53.3.100.dylib */,
				699C4D441A5E9DDD00D69586 /* libpostproc.53.3.100.dylib */,
				699C4D451A5E9DDD00D69586 /* libpostproc.a */,
				699C4D461A5E9DDD00D69586 /* libpostproc.53.3.100.dylib */,
				699C4D471A5E9DDD00D69586 /* libswresample.1.1.100.dylib */,
				699C4D481A5E9DDD00D69586 /* libswresample.1.1.100.dylib */,
				699C4D491A5E9DDD00D69586 /* libswresample.a */,
				699C4D4A1A5E9DDD00D69586 /* libswresample.1.1.100.dylib */,
				699C4D4B1A5E9DDD00D69586 /* libswscale.3.1.101.dylib */,
				699C4D4C1A5E9DDD00D69586 /* libswscale.3.1.101.dylib */,
				699C4D4D1A5E9DDD00D69586 /* libswscale.a */,
				699C4D4E1A5E9DDD00D69586 /* libswscale.3.1.101.dylib */,
				699E7B601A30E84300B7CFD7 /* libopencv_calib3d.2.4.9.dylib */,
				699E7B611A30E84300B7CFD7 /* libopencv_calib3d.2.4.9.dylib */,
				699E7B621A30E84300B7CFD7 /* libopencv_calib3d.2.4.9.dylib */,
				699E7B631A30E84300B7CFD7 /* libopencv_contrib.2.4.9.dylib */,
				699E7B641A30E84300B7CFD7 /* libopencv_contrib.2.4.9.dylib */,
				699E7B651A30E84300B7CFD7 /* libopencv_contrib.2.4.9.dylib */,
				699E7B661A30E84300B7CFD7 /* libopencv_core.2.4.9.dylib */,
				699E7B671A30E84300B7CFD7 /* libopencv_core.2.4.9.dylib */,
				699E7B681A30E84300B7CFD7 /* libopencv_core.2.4.9.dylib */,
				699E7B691A30E84300B7CFD7 /* libopencv_features2d.2.4.9.dylib */,
				699E7B6A1A30E84300B7CFD7 /* libopencv_features2d.2.4.9.dylib */,
				699E7B6B1A30E84300B7CFD7 /* libopencv_features2d.2.4.9.dylib */,
				699E7B6C1A30E84300B7CFD7 /* libopencv_flann.2.4.9.dylib */,
				699E7B6D1A30E84300B7CFD7 /* libopencv_flann.2.4.9.dylib */,
				699E7B6E1A30E84300B7CFD7 /* libopencv_flann.2.4.9.dylib */,
				699E7B6F1A30E84300B7CFD7 /* libopencv_gpu.2.4.9.dylib */,
				699E7B701A30E84300B7CFD7 /* libopencv_gpu.2.4.9.dylib */,
				699E7B711A30E84300B7CFD7 /* libopencv_gpu.2.4.9.dylib */,
				699E7B721A30E84300B7CFD7 /* libopencv_highgui.2.4.9.dylib */,
				699E7B731A30E84300B7CFD7 /* libopencv_highgui.2.4.9.dylib */,
				699E7B741A30E84300B7CFD7 /* libopencv_highgui.2.4.9.dylib */,
				699E7B751A30E84300B7CFD7 /* libopencv_imgproc.2.4.9.dylib */,
				699E7B761A30E84300B7CFD7 /* libopencv_imgproc.2.4.9.dylib */,
				699E7B771A30E84300B7CFD7 /* libopencv_imgproc.2.4.9.dylib */,
				699E7B781A30E84300B7CFD7 /* libopencv_legacy.2.4.9.dylib */,
				699E7B791A30E84300B7CFD7 /* libopencv_legacy.2.4.9.dylib */,
				699E7B7A1A30E84300B7CFD7 /* libopencv_legacy.2.4.9.dylib */,
				699E7B7B1A30E84300B7CFD7 /* libopencv_ml.2.4.9.dylib */,
				699E7B7C1A30E84300B7CFD7 /* libopencv_ml.2.4.9.dylib */,
				699E7B7D1A30E84300B7CFD7 /* libopencv_ml.2.4.9.dylib */,
				699E7B7E1A30E84300B7CFD7 /* libopencv_nonfree.2.4.9.dylib */,
				699E7B7F1A30E84300B7CFD7 /* libopencv_nonfree.2.4.9.dylib */,
				699E7B801A30E84300B7CFD7 /* libopencv_nonfree.2.4.9.dylib */,
				699E7B811A30E84300B7CFD7 /* libopencv_objdetect.2.4.9.dylib */,
				699E7B821A30E84300B7CFD7 /* libopencv_objdetect.2.4.9.dylib */,
				699E7B831A30E84300B7CFD7 /* libopencv_objdetect.2.4.9.dylib */,
				699E7B841A30E84300B7CFD7 /* libopencv_ocl.2.4.9.dylib */,
				699E7B851A30E84300B7CFD7 /* libopencv_ocl.2.4.9.dylib */,
				699E7B861A30E84300B7CFD7 /* libopencv_ocl.2.4.9.dylib */,
				699E7B871A30E84300B7CFD7 /* libopencv_photo.2.4.9.dylib */,
				699E7B881A30E84300B7CFD7 /* libopencv_photo.2.4.9.dylib */,
				699E7B891A30E84300B7CFD7 /* libopencv_photo.2.4.9.dylib */,
				699E7B8A1A30E84300B7CFD7 /* libopencv_stitching.2.4.9.dylib */,
				699E7B8B1A30E84300B7CFD7 /* libopencv_stitching.2.4.9.dylib */,
				699E7B8C1A30E84300B7CFD7 /* libopencv_stitching.2.4.9.dylib */,
				699E7B8D1A30E84300B7CFD7 /* libopencv_superres.2.4.9.dylib */,
				699E7B8E1A30E84300B7CFD7 /* libopencv_superres.2.4.9.dylib */,
				699E7B8F1A30E84300B7CFD7 /* libopencv_superres.2.4.9.dylib */,
				699E7B901A30E84300B7CFD7 /* libopencv_ts.a */,
				699E7B911A30E84300B7CFD7 /* libopencv_video.2.4.9.dylib */,
				699E7B921A30E84300B7CFD7 /* libopencv_video.2.4.9.dylib */,
				699E7B931A30E84300B7CFD7 /* libopencv_video.2.4.9.dylib */,
				699E7B941A30E84300B7CFD7 /* libopencv_videostab.2.4.9.dylib */,
				699E7B951A30E84300B7CFD7 /* libopencv_videostab.2.4.9.dylib */,
				699E7B961A30E84300B7CFD7 /* libopencv_videostab.2.4.9.dylib */,
			);
			name = LIB;
			sourceTree = "<group>";
		};
/* End PBXGroup section */

/* Begin PBXNativeTarget section */
		69129CCD1A22645400D1B7D3 /* OliviaVideo */ = {
			isa = PBXNativeTarget;
			buildConfigurationList = 69129CE81A22645400D1B7D3 /* Build configuration list for PBXNativeTarget "OliviaVideo" */;
			buildPhases = (
				69129CCA1A22645400D1B7D3 /* Sources */,
				69129CCB1A22645400D1B7D3 /* Frameworks */,
				69129CCC1A22645400D1B7D3 /* Resources */,
			);
			buildRules = (
			);
			dependencies = (
			);
			name = OliviaVideo;
			productName = OliviaVideo;
			productReference = 69129CCE1A22645400D1B7D3 /* OliviaVideo.app */;
			productType = "com.apple.product-type.application";
		};
		69129CDD1A22645400D1B7D3 /* OliviaVideoTests */ = {
			isa = PBXNativeTarget;
			buildConfigurationList = 69129CEB1A22645400D1B7D3 /* Build configuration list for PBXNativeTarget "OliviaVideoTests" */;
			buildPhases = (
				69129CDA1A22645400D1B7D3 /* Sources */,
				69129CDB1A22645400D1B7D3 /* Frameworks */,
				69129CDC1A22645400D1B7D3 /* Resources */,
			);
			buildRules = (
			);
			dependencies = (
				69129CE01A22645400D1B7D3 /* PBXTargetDependency */,
			);
			name = OliviaVideoTests;
			productName = OliviaVideoTests;
			productReference = 69129CDE1A22645400D1B7D3 /* OliviaVideoTests.xctest */;
			productType = "com.apple.product-type.bundle.unit-test";
		};
/* End PBXNativeTarget section */

/* Begin PBXProject section */
		69129CC61A22645400D1B7D3 /* Project object */ = {
			isa = PBXProject;
			attributes = {
				LastUpgradeCheck = 0610;
				ORGANIZATIONNAME = xuhao;
				TargetAttributes = {
					69129CCD1A22645400D1B7D3 = {
						CreatedOnToolsVersion = 6.1;
					};
					69129CDD1A22645400D1B7D3 = {
						CreatedOnToolsVersion = 6.1;
						TestTargetID = 69129CCD1A22645400D1B7D3;
					};
				};
			};
			buildConfigurationList = 69129CC91A22645400D1B7D3 /* Build configuration list for PBXProject "OliviaVideo" */;
			compatibilityVersion = "Xcode 3.2";
			developmentRegion = English;
			hasScannedForEncodings = 0;
			knownRegions = (
				en,
				Base,
			);
			mainGroup = 69129CC51A22645400D1B7D3;
			productRefGroup = 69129CCF1A22645400D1B7D3 /* Products */;
			projectDirPath = "";
			projectRoot = "";
			targets = (
				69129CCD1A22645400D1B7D3 /* OliviaVideo */,
				69129CDD1A22645400D1B7D3 /* OliviaVideoTests */,
			);
		};
/* End PBXProject section */

/* Begin PBXResourcesBuildPhase section */
		69129CCC1A22645400D1B7D3 /* Resources */ = {
			isa = PBXResourcesBuildPhase;
			buildActionMask = 2147483647;
			files = (
			);
			runOnlyForDeploymentPostprocessing = 0;
		};
		69129CDC1A22645400D1B7D3 /* Resources */ = {
			isa = PBXResourcesBuildPhase;
			buildActionMask = 2147483647;
			files = (
			);
			runOnlyForDeploymentPostprocessing = 0;
		};
/* End PBXResourcesBuildPhase section */

/* Begin PBXSourcesBuildPhase section */
		69129CCA1A22645400D1B7D3 /* Sources */ = {
			isa = PBXSourcesBuildPhase;
			buildActionMask = 2147483647;
			files = (
				698586D51A5F42FB006EA76B /* decoder.cpp in Sources */,
				699C4D771A5EE9EE00D69586 /* c_style_decoder.cpp in Sources */,
				698586D71A5FD0FF006EA76B /* file_decoder.cpp in Sources */,
				699C4D7A1A5EEF8700D69586 /* stream_reciver.cpp in Sources */,
				699C4D801A5EF7A000D69586 /* main.cpp in Sources */,
				698586DA1A5FD31E006EA76B /* stream_decoder.cpp in Sources */,
				699E7B5F1A30E73200B7CFD7 /* cvdisplay.cpp in Sources */,
			);
			runOnlyForDeploymentPostprocessing = 0;
		};
		69129CDA1A22645400D1B7D3 /* Sources */ = {
			isa = PBXSourcesBuildPhase;
			buildActionMask = 2147483647;
			files = (
				69129CE51A22645400D1B7D3 /* OliviaVideoTests.swift in Sources */,
			);
			runOnlyForDeploymentPostprocessing = 0;
		};
/* End PBXSourcesBuildPhase section */

/* Begin PBXTargetDependency section */
		69129CE01A22645400D1B7D3 /* PBXTargetDependency */ = {
			isa = PBXTargetDependency;
			target = 69129CCD1A22645400D1B7D3 /* OliviaVideo */;
			targetProxy = 69129CDF1A22645400D1B7D3 /* PBXContainerItemProxy */;
		};
/* End PBXTargetDependency section */

/* Begin XCBuildConfiguration section */
		69129CE61A22645400D1B7D3 /* Debug */ = {
			isa = XCBuildConfiguration;
			buildSettings = {
				ALWAYS_SEARCH_USER_PATHS = NO;
				CLANG_CXX_LANGUAGE_STANDARD = "gnu++0x";
				CLANG_CXX_LIBRARY = "libc++";
				CLANG_ENABLE_MODULES = YES;
				CLANG_ENABLE_OBJC_ARC = YES;
				CLANG_WARN_BOOL_CONVERSION = YES;
				CLANG_WARN_CONSTANT_CONVERSION = YES;
				CLANG_WARN_DIRECT_OBJC_ISA_USAGE = YES_ERROR;
				CLANG_WARN_EMPTY_BODY = YES;
				CLANG_WARN_ENUM_CONVERSION = YES;
				CLANG_WARN_INT_CONVERSION = YES;
				CLANG_WARN_OBJC_ROOT_CLASS = YES_ERROR;
				CLANG_WARN_UNREACHABLE_CODE = YES;
				CLANG_WARN__DUPLICATE_METHOD_MATCH = YES;
				CODE_SIGN_IDENTITY = "-";
				COPY_PHASE_STRIP = NO;
				ENABLE_STRICT_OBJC_MSGSEND = YES;
				GCC_C_LANGUAGE_STANDARD = gnu99;
				GCC_DYNAMIC_NO_PIC = NO;
				GCC_OPTIMIZATION_LEVEL = 0;
				GCC_PREPROCESSOR_DEFINITIONS = (
					"DEBUG=1",
					"$(inherited)",
				);
				GCC_SYMBOLS_PRIVATE_EXTERN = NO;
				GCC_WARN_64_TO_32_BIT_CONVERSION = YES;
				GCC_WARN_ABOUT_RETURN_TYPE = YES_ERROR;
				GCC_WARN_UNDECLARED_SELECTOR = YES;
				GCC_WARN_UNINITIALIZED_AUTOS = YES_AGGRESSIVE;
				GCC_WARN_UNUSED_FUNCTION = YES;
				GCC_WARN_UNUSED_VARIABLE = YES;
				MACOSX_DEPLOYMENT_TARGET = 10.10;
				MTL_ENABLE_DEBUG_INFO = YES;
				ONLY_ACTIVE_ARCH = YES;
				SDKROOT = macosx;
				SWIFT_OPTIMIZATION_LEVEL = "-Onone";
			};
			name = Debug;
		};
		69129CE71A22645400D1B7D3 /* Release */ = {
			isa = XCBuildConfiguration;
			buildSettings = {
				ALWAYS_SEARCH_USER_PATHS = NO;
				CLANG_CXX_LANGUAGE_STANDARD = "gnu++0x";
				CLANG_CXX_LIBRARY = "libc++";
				CLANG_ENABLE_MODULES = YES;
				CLANG_ENABLE_OBJC_ARC = YES;
				CLANG_WARN_BOOL_CONVERSION = YES;
				CLANG_WARN_CONSTANT_CONVERSION = YES;
				CLANG_WARN_DIRECT_OBJC_ISA_USAGE = YES_ERROR;
				CLANG_WARN_EMPTY_BODY = YES;
				CLANG_WARN_ENUM_CONVERSION = YES;
				CLANG_WARN_INT_CONVERSION = YES;
				CLANG_WARN_OBJC_ROOT_CLASS = YES_ERROR;
				CLANG_WARN_UNREACHABLE_CODE = YES;
				CLANG_WARN__DUPLICATE_METHOD_MATCH = YES;
				CODE_SIGN_IDENTITY = "-";
				COPY_PHASE_STRIP = YES;
				DEBUG_INFORMATION_FORMAT = "dwarf-with-dsym";
				ENABLE_NS_ASSERTIONS = NO;
				ENABLE_STRICT_OBJC_MSGSEND = YES;
				GCC_C_LANGUAGE_STANDARD = gnu99;
				GCC_WARN_64_TO_32_BIT_CONVERSION = YES;
				GCC_WARN_ABOUT_RETURN_TYPE = YES_ERROR;
				GCC_WARN_UNDECLARED_SELECTOR = YES;
				GCC_WARN_UNINITIALIZED_AUTOS = YES_AGGRESSIVE;
				GCC_WARN_UNUSED_FUNCTION = YES;
				GCC_WARN_UNUSED_VARIABLE = YES;
				MACOSX_DEPLOYMENT_TARGET = 10.10;
				MTL_ENABLE_DEBUG_INFO = NO;
				SDKROOT = macosx;
			};
			name = Release;
		};
		69129CE91A22645400D1B7D3 /* Debug */ = {
			isa = XCBuildConfiguration;
			buildSettings = {
				ASSETCATALOG_COMPILER_APPICON_NAME = AppIcon;
				CLANG_CXX_LANGUAGE_STANDARD = "gnu++0x";
				CLANG_CXX_LIBRARY = "libc++";
				COMBINE_HIDPI_IMAGES = YES;
				GCC_C_LANGUAGE_STANDARD = gnu99;
				HEADER_SEARCH_PATHS = (
					"$(inherited)",
					/Applications/Xcode.app/Contents/Developer/Toolchains/XcodeDefault.xctoolchain/usr/include,
					/usr/local/include,
					"/Applications/Xcode.app/Contents/Developer/Toolchains/XcodeDefault.xctoolchain/usr/include/c++/v1",
				);
				INFOPLIST_FILE = OliviaVideo/Info.plist;
				LD_RUNPATH_SEARCH_PATHS = "$(inherited) @executable_path/../Frameworks";
				LIBRARY_SEARCH_PATHS = (
					"$(inherited)",
					/usr/local/Cellar/ffmpeg/2.3.2/lib,
					/usr/local/Cellar/opencv/2.4.9/lib,
					/usr/local/Cellar/ffmpeg/2.4.2/lib,
					/usr/local/Cellar/ffmpeg/2.5.2/lib,
				);
				PRODUCT_NAME = "$(TARGET_NAME)";
				SWIFT_OBJC_BRIDGING_HEADER = "/Users/xuhao/aircraft/olivia/OliviaVideo/OliviaVideo/Bridge-Header.h";
			};
			name = Debug;
		};
		69129CEA1A22645400D1B7D3 /* Release */ = {
			isa = XCBuildConfiguration;
			buildSettings = {
				ASSETCATALOG_COMPILER_APPICON_NAME = AppIcon;
				CLANG_CXX_LANGUAGE_STANDARD = "gnu++0x";
				CLANG_CXX_LIBRARY = "libc++";
				COMBINE_HIDPI_IMAGES = YES;
				GCC_C_LANGUAGE_STANDARD = gnu99;
				HEADER_SEARCH_PATHS = (
					"$(inherited)",
					/Applications/Xcode.app/Contents/Developer/Toolchains/XcodeDefault.xctoolchain/usr/include,
					/usr/local/include,
					"/Applications/Xcode.app/Contents/Developer/Toolchains/XcodeDefault.xctoolchain/usr/include/c++/v1",
				);
				INFOPLIST_FILE = OliviaVideo/Info.plist;
				LD_RUNPATH_SEARCH_PATHS = "$(inherited) @executable_path/../Frameworks";
				LIBRARY_SEARCH_PATHS = (
					"$(inherited)",
					/usr/local/Cellar/ffmpeg/2.3.2/lib,
					/usr/local/Cellar/opencv/2.4.9/lib,
					/usr/local/Cellar/ffmpeg/2.4.2/lib,
					/usr/local/Cellar/ffmpeg/2.5.2/lib,
				);
				PRODUCT_NAME = "$(TARGET_NAME)";
				SWIFT_OBJC_BRIDGING_HEADER = "/Users/xuhao/aircraft/olivia/OliviaVideo/OliviaVideo/Bridge-Header.h";
			};
			name = Release;
		};
		69129CEC1A22645400D1B7D3 /* Debug */ = {
			isa = XCBuildConfiguration;
			buildSettings = {
				BUNDLE_LOADER = "$(TEST_HOST)";
				COMBINE_HIDPI_IMAGES = YES;
				FRAMEWORK_SEARCH_PATHS = (
					"$(DEVELOPER_FRAMEWORKS_DIR)",
					"$(inherited)",
				);
				GCC_PREPROCESSOR_DEFINITIONS = (
					"DEBUG=1",
					"$(inherited)",
				);
				INFOPLIST_FILE = OliviaVideoTests/Info.plist;
				LD_RUNPATH_SEARCH_PATHS = "$(inherited) @executable_path/../Frameworks @loader_path/../Frameworks";
				PRODUCT_NAME = "$(TARGET_NAME)";
				TEST_HOST = "$(BUILT_PRODUCTS_DIR)/OliviaVideo.app/Contents/MacOS/OliviaVideo";
			};
			name = Debug;
		};
		69129CED1A22645400D1B7D3 /* Release */ = {
			isa = XCBuildConfiguration;
			buildSettings = {
				BUNDLE_LOADER = "$(TEST_HOST)";
				COMBINE_HIDPI_IMAGES = YES;
				FRAMEWORK_SEARCH_PATHS = (
					"$(DEVELOPER_FRAMEWORKS_DIR)",
					"$(inherited)",
				);
				INFOPLIST_FILE = OliviaVideoTests/Info.plist;
				LD_RUNPATH_SEARCH_PATHS = "$(inherited) @executable_path/../Frameworks @loader_path/../Frameworks";
				PRODUCT_NAME = "$(TARGET_NAME)";
				TEST_HOST = "$(BUILT_PRODUCTS_DIR)/OliviaVideo.app/Contents/MacOS/OliviaVideo";
			};
			name = Release;
		};
/* End XCBuildConfiguration section */

/* Begin XCConfigurationList section */
		69129CC91A22645400D1B7D3 /* Build configuration list for PBXProject "OliviaVideo" */ = {
			isa = XCConfigurationList;
			buildConfigurations = (
				69129CE61A22645400D1B7D3 /* Debug */,
				69129CE71A22645400D1B7D3 /* Release */,
			);
			defaultConfigurationIsVisible = 0;
			defaultConfigurationName = Release;
		};
		69129CE81A22645400D1B7D3 /* Build configuration list for PBXNativeTarget "OliviaVideo" */ = {
			isa = XCConfigurationList;
			buildConfigurations = (
				69129CE91A22645400D1B7D3 /* Debug */,
				69129CEA1A22645400D1B7D3 /* Release */,
			);
			defaultConfigurationIsVisible = 0;
			defaultConfigurationName = Release;
		};
		69129CEB1A22645400D1B7D3 /* Build configuration list for PBXNativeTarget "OliviaVideoTests" */ = {
			isa = XCConfigurationList;
			buildConfigurations = (
				69129CEC1A22645400D1B7D3 /* Debug */,
				69129CED1A22645400D1B7D3 /* Release */,
			);
			defaultConfigurationIsVisible = 0;
			defaultConfigurationName = Release;
		};
/* End XCConfigurationList section */
	};
	rootObject = 69129CC61A22645400D1B7D3 /* Project object */;
}
