// !$*UTF8*$!
{
	archiveVersion = 1;
	classes = {
	};
	objectVersion = 46;
	objects = {

/* Begin PBXBuildFile section */
		69129CD41A22645400D1B7D3 /* AppDelegate.swift in Sources */ = {isa = PBXBuildFile; fileRef = 69129CD31A22645400D1B7D3 /* AppDelegate.swift */; };
		69129CD61A22645400D1B7D3 /* Images.xcassets in Resources */ = {isa = PBXBuildFile; fileRef = 69129CD51A22645400D1B7D3 /* Images.xcassets */; };
		69129CD91A22645400D1B7D3 /* MainMenu.xib in Resources */ = {isa = PBXBuildFile; fileRef = 69129CD71A22645400D1B7D3 /* MainMenu.xib */; };
		69129CE51A22645400D1B7D3 /* OliviaVideoTests.swift in Sources */ = {isa = PBXBuildFile; fileRef = 69129CE41A22645400D1B7D3 /* OliviaVideoTests.swift */; };
/* End PBXBuildFile section */

/* Begin PBXContainerItemProxy section */
		69129CDF1A22645400D1B7D3 /* PBXContainerItemProxy */ = {
			isa = PBXContainerItemProxy;
			containerPortal = 69129CC61A22645400D1B7D3 /* Project object */;
			proxyType = 1;
			remoteGlobalIDString = 69129CCD1A22645400D1B7D3;
			remoteInfo = OliviaVideo;
		};
/* End PBXContainerItemProxy section */

/* Begin PBXFileReference section */
		69129CCE1A22645400D1B7D3 /* OliviaVideo.app */ = {isa = PBXFileReference; explicitFileType = wrapper.application; includeInIndex = 0; path = OliviaVideo.app; sourceTree = BUILT_PRODUCTS_DIR; };
		69129CD21A22645400D1B7D3 /* Info.plist */ = {isa = PBXFileReference; lastKnownFileType = text.plist.xml; path = Info.plist; sourceTree = "<group>"; };
		69129CD31A22645400D1B7D3 /* AppDelegate.swift */ = {isa = PBXFileReference; lastKnownFileType = sourcecode.swift; path = AppDelegate.swift; sourceTree = "<group>"; };
		69129CD51A22645400D1B7D3 /* Images.xcassets */ = {isa = PBXFileReference; lastKnownFileType = folder.assetcatalog; path = Images.xcassets; sourceTree = "<group>"; };
		69129CD81A22645400D1B7D3 /* Base */ = {isa = PBXFileReference; lastKnownFileType = file.xib; name = Base; path = Base.lproj/MainMenu.xib; sourceTree = "<group>"; };
		69129CDE1A22645400D1B7D3 /* OliviaVideoTests.xctest */ = {isa = PBXFileReference; explicitFileType = wrapper.cfbundle; includeInIndex = 0; path = OliviaVideoTests.xctest; sourceTree = BUILT_PRODUCTS_DIR; };
		69129CE31A22645400D1B7D3 /* Info.plist */ = {isa = PBXFileReference; lastKnownFileType = text.plist.xml; path = Info.plist; sourceTree = "<group>"; };
		69129CE41A22645400D1B7D3 /* OliviaVideoTests.swift */ = {isa = PBXFileReference; lastKnownFileType = sourcecode.swift; path = OliviaVideoTests.swift; sourceTree = "<group>"; };
/* End PBXFileReference section */

/* Begin PBXFrameworksBuildPhase section */
		69129CCB1A22645400D1B7D3 /* Frameworks */ = {
			isa = PBXFrameworksBuildPhase;
			buildActionMask = 2147483647;
			files = (
			);
			runOnlyForDeploymentPostprocessing = 0;
		};
		69129CDB1A22645400D1B7D3 /* Frameworks */ = {
			isa = PBXFrameworksBuildPhase;
			buildActionMask = 2147483647;
			files = (
			);
			runOnlyForDeploymentPostprocessing = 0;
		};
/* End PBXFrameworksBuildPhase section */

/* Begin PBXGroup section */
		69129CC51A22645400D1B7D3 = {
			isa = PBXGroup;
			children = (
				69129CD01A22645400D1B7D3 /* OliviaVideo */,
				69129CE11A22645400D1B7D3 /* OliviaVideoTests */,
				69129CCF1A22645400D1B7D3 /* Products */,
			);
			sourceTree = "<group>";
		};
		69129CCF1A22645400D1B7D3 /* Products */ = {
			isa = PBXGroup;
			children = (
				69129CCE1A22645400D1B7D3 /* OliviaVideo.app */,
				69129CDE1A22645400D1B7D3 /* OliviaVideoTests.xctest */,
			);
			name = Products;
			sourceTree = "<group>";
		};
		69129CD01A22645400D1B7D3 /* OliviaVideo */ = {
			isa = PBXGroup;
			children = (
				69129CD31A22645400D1B7D3 /* AppDelegate.swift */,
				69129CD51A22645400D1B7D3 /* Images.xcassets */,
				69129CD71A22645400D1B7D3 /* MainMenu.xib */,
				69129CD11A22645400D1B7D3 /* Supporting Files */,
			);
			path = OliviaVideo;
			sourceTree = "<group>";
		};
		69129CD11A22645400D1B7D3 /* Supporting Files */ = {
			isa = PBXGroup;
			children = (
				69129CD21A22645400D1B7D3 /* Info.plist */,
			);
			name = "Supporting Files";
			sourceTree = "<group>";
		};
		69129CE11A22645400D1B7D3 /* OliviaVideoTests */ = {
			isa = PBXGroup;
			children = (
				69129CE41A22645400D1B7D3 /* OliviaVideoTests.swift */,
				69129CE21A22645400D1B7D3 /* Supporting Files */,
			);
			path = OliviaVideoTests;
			sourceTree = "<group>";
		};
		69129CE21A22645400D1B7D3 /* Supporting Files */ = {
			isa = PBXGroup;
			children = (
				69129CE31A22645400D1B7D3 /* Info.plist */,
			);
			name = "Supporting Files";
			sourceTree = "<group>";
		};
/* End PBXGroup section */

/* Begin PBXNativeTarget section */
		69129CCD1A22645400D1B7D3 /* OliviaVideo */ = {
			isa = PBXNativeTarget;
			buildConfigurationList = 69129CE81A22645400D1B7D3 /* Build configuration list for PBXNativeTarget "OliviaVideo" */;
			buildPhases = (
				69129CCA1A22645400D1B7D3 /* Sources */,
				69129CCB1A22645400D1B7D3 /* Frameworks */,
				69129CCC1A22645400D1B7D3 /* Resources */,
			);
			buildRules = (
			);
			dependencies = (
			);
			name = OliviaVideo;
			productName = OliviaVideo;
			productReference = 69129CCE1A22645400D1B7D3 /* OliviaVideo.app */;
			productType = "com.apple.product-type.application";
		};
		69129CDD1A22645400D1B7D3 /* OliviaVideoTests */ = {
			isa = PBXNativeTarget;
			buildConfigurationList = 69129CEB1A22645400D1B7D3 /* Build configuration list for PBXNativeTarget "OliviaVideoTests" */;
			buildPhases = (
				69129CDA1A22645400D1B7D3 /* Sources */,
				69129CDB1A22645400D1B7D3 /* Frameworks */,
				69129CDC1A22645400D1B7D3 /* Resources */,
			);
			buildRules = (
			);
			dependencies = (
				69129CE01A22645400D1B7D3 /* PBXTargetDependency */,
			);
			name = OliviaVideoTests;
			productName = OliviaVideoTests;
			productReference = 69129CDE1A22645400D1B7D3 /* OliviaVideoTests.xctest */;
			productType = "com.apple.product-type.bundle.unit-test";
		};
/* End PBXNativeTarget section */

/* Begin PBXProject section */
		69129CC61A22645400D1B7D3 /* Project object */ = {
			isa = PBXProject;
			attributes = {
				LastUpgradeCheck = 0610;
				ORGANIZATIONNAME = xuhao;
				TargetAttributes = {
					69129CCD1A22645400D1B7D3 = {
						CreatedOnToolsVersion = 6.1;
					};
					69129CDD1A22645400D1B7D3 = {
						CreatedOnToolsVersion = 6.1;
						TestTargetID = 69129CCD1A22645400D1B7D3;
					};
				};
			};
			buildConfigurationList = 69129CC91A22645400D1B7D3 /* Build configuration list for PBXProject "OliviaVideo" */;
			compatibilityVersion = "Xcode 3.2";
			developmentRegion = English;
			hasScannedForEncodings = 0;
			knownRegions = (
				en,
				Base,
			);
			mainGroup = 69129CC51A22645400D1B7D3;
			productRefGroup = 69129CCF1A22645400D1B7D3 /* Products */;
			projectDirPath = "";
			projectRoot = "";
			targets = (
				69129CCD1A22645400D1B7D3 /* OliviaVideo */,
				69129CDD1A22645400D1B7D3 /* OliviaVideoTests */,
			);
		};
/* End PBXProject section */

/* Begin PBXResourcesBuildPhase section */
		69129CCC1A22645400D1B7D3 /* Resources */ = {
			isa = PBXResourcesBuildPhase;
			buildActionMask = 2147483647;
			files = (
				69129CD61A22645400D1B7D3 /* Images.xcassets in Resources */,
				69129CD91A22645400D1B7D3 /* MainMenu.xib in Resources */,
			);
			runOnlyForDeploymentPostprocessing = 0;
		};
		69129CDC1A22645400D1B7D3 /* Resources */ = {
			isa = PBXResourcesBuildPhase;
			buildActionMask = 2147483647;
			files = (
			);
			runOnlyForDeploymentPostprocessing = 0;
		};
/* End PBXResourcesBuildPhase section */

/* Begin PBXSourcesBuildPhase section */
		69129CCA1A22645400D1B7D3 /* Sources */ = {
			isa = PBXSourcesBuildPhase;
			buildActionMask = 2147483647;
			files = (
				69129CD41A22645400D1B7D3 /* AppDelegate.swift in Sources */,
			);
			runOnlyForDeploymentPostprocessing = 0;
		};
		69129CDA1A22645400D1B7D3 /* Sources */ = {
			isa = PBXSourcesBuildPhase;
			buildActionMask = 2147483647;
			files = (
				69129CE51A22645400D1B7D3 /* OliviaVideoTests.swift in Sources */,
			);
			runOnlyForDeploymentPostprocessing = 0;
		};
/* End PBXSourcesBuildPhase section */

/* Begin PBXTargetDependency section */
		69129CE01A22645400D1B7D3 /* PBXTargetDependency */ = {
			isa = PBXTargetDependency;
			target = 69129CCD1A22645400D1B7D3 /* OliviaVideo */;
			targetProxy = 69129CDF1A22645400D1B7D3 /* PBXContainerItemProxy */;
		};
/* End PBXTargetDependency section */

/* Begin PBXVariantGroup section */
		69129CD71A22645400D1B7D3 /* MainMenu.xib */ = {
			isa = PBXVariantGroup;
			children = (
				69129CD81A22645400D1B7D3 /* Base */,
			);
			name = MainMenu.xib;
			sourceTree = "<group>";
		};
/* End PBXVariantGroup section */

/* Begin XCBuildConfiguration section */
		69129CE61A22645400D1B7D3 /* Debug */ = {
			isa = XCBuildConfiguration;
			buildSettings = {
				ALWAYS_SEARCH_USER_PATHS = NO;
				CLANG_CXX_LANGUAGE_STANDARD = "gnu++0x";
				CLANG_CXX_LIBRARY = "libc++";
				CLANG_ENABLE_MODULES = YES;
				CLANG_ENABLE_OBJC_ARC = YES;
				CLANG_WARN_BOOL_CONVERSION = YES;
				CLANG_WARN_CONSTANT_CONVERSION = YES;
				CLANG_WARN_DIRECT_OBJC_ISA_USAGE = YES_ERROR;
				CLANG_WARN_EMPTY_BODY = YES;
				CLANG_WARN_ENUM_CONVERSION = YES;
				CLANG_WARN_INT_CONVERSION = YES;
				CLANG_WARN_OBJC_ROOT_CLASS = YES_ERROR;
				CLANG_WARN_UNREACHABLE_CODE = YES;
				CLANG_WARN__DUPLICATE_METHOD_MATCH = YES;
				CODE_SIGN_IDENTITY = "-";
				COPY_PHASE_STRIP = NO;
				ENABLE_STRICT_OBJC_MSGSEND = YES;
				GCC_C_LANGUAGE_STANDARD = gnu99;
				GCC_DYNAMIC_NO_PIC = NO;
				GCC_OPTIMIZATION_LEVEL = 0;
				GCC_PREPROCESSOR_DEFINITIONS = (
					"DEBUG=1",
					"$(inherited)",
				);
				GCC_SYMBOLS_PRIVATE_EXTERN = NO;
				GCC_WARN_64_TO_32_BIT_CONVERSION = YES;
				GCC_WARN_ABOUT_RETURN_TYPE = YES_ERROR;
				GCC_WARN_UNDECLARED_SELECTOR = YES;
				GCC_WARN_UNINITIALIZED_AUTOS = YES_AGGRESSIVE;
				GCC_WARN_UNUSED_FUNCTION = YES;
				GCC_WARN_UNUSED_VARIABLE = YES;
				MACOSX_DEPLOYMENT_TARGET = 10.10;
				MTL_ENABLE_DEBUG_INFO = YES;
				ONLY_ACTIVE_ARCH = YES;
				SDKROOT = macosx;
				SWIFT_OPTIMIZATION_LEVEL = "-Onone";
			};
			name = Debug;
		};
		69129CE71A22645400D1B7D3 /* Release */ = {
			isa = XCBuildConfiguration;
			buildSettings = {
				ALWAYS_SEARCH_USER_PATHS = NO;
				CLANG_CXX_LANGUAGE_STANDARD = "gnu++0x";
				CLANG_CXX_LIBRARY = "libc++";
				CLANG_ENABLE_MODULES = YES;
				CLANG_ENABLE_OBJC_ARC = YES;
				CLANG_WARN_BOOL_CONVERSION = YES;
				CLANG_WARN_CONSTANT_CONVERSION = YES;
				CLANG_WARN_DIRECT_OBJC_ISA_USAGE = YES_ERROR;
				CLANG_WARN_EMPTY_BODY = YES;
				CLANG_WARN_ENUM_CONVERSION = YES;
				CLANG_WARN_INT_CONVERSION = YES;
				CLANG_WARN_OBJC_ROOT_CLASS = YES_ERROR;
				CLANG_WARN_UNREACHABLE_CODE = YES;
				CLANG_WARN__DUPLICATE_METHOD_MATCH = YES;
				CODE_SIGN_IDENTITY = "-";
				COPY_PHASE_STRIP = YES;
				DEBUG_INFORMATION_FORMAT = "dwarf-with-dsym";
				ENABLE_NS_ASSERTIONS = NO;
				ENABLE_STRICT_OBJC_MSGSEND = YES;
				GCC_C_LANGUAGE_STANDARD = gnu99;
				GCC_WARN_64_TO_32_BIT_CONVERSION = YES;
				GCC_WARN_ABOUT_RETURN_TYPE = YES_ERROR;
				GCC_WARN_UNDECLARED_SELECTOR = YES;
				GCC_WARN_UNINITIALIZED_AUTOS = YES_AGGRESSIVE;
				GCC_WARN_UNUSED_FUNCTION = YES;
				GCC_WARN_UNUSED_VARIABLE = YES;
				MACOSX_DEPLOYMENT_TARGET = 10.10;
				MTL_ENABLE_DEBUG_INFO = NO;
				SDKROOT = macosx;
			};
			name = Release;
		};
		69129CE91A22645400D1B7D3 /* Debug */ = {
			isa = XCBuildConfiguration;
			buildSettings = {
				ASSETCATALOG_COMPILER_APPICON_NAME = AppIcon;
				COMBINE_HIDPI_IMAGES = YES;
				INFOPLIST_FILE = OliviaVideo/Info.plist;
				LD_RUNPATH_SEARCH_PATHS = "$(inherited) @executable_path/../Frameworks";
				PRODUCT_NAME = "$(TARGET_NAME)";
			};
			name = Debug;
		};
		69129CEA1A22645400D1B7D3 /* Release */ = {
			isa = XCBuildConfiguration;
			buildSettings = {
				ASSETCATALOG_COMPILER_APPICON_NAME = AppIcon;
				COMBINE_HIDPI_IMAGES = YES;
				INFOPLIST_FILE = OliviaVideo/Info.plist;
				LD_RUNPATH_SEARCH_PATHS = "$(inherited) @executable_path/../Frameworks";
				PRODUCT_NAME = "$(TARGET_NAME)";
			};
			name = Release;
		};
		69129CEC1A22645400D1B7D3 /* Debug */ = {
			isa = XCBuildConfiguration;
			buildSettings = {
				BUNDLE_LOADER = "$(TEST_HOST)";
				COMBINE_HIDPI_IMAGES = YES;
				FRAMEWORK_SEARCH_PATHS = (
					"$(DEVELOPER_FRAMEWORKS_DIR)",
					"$(inherited)",
				);
				GCC_PREPROCESSOR_DEFINITIONS = (
					"DEBUG=1",
					"$(inherited)",
				);
				INFOPLIST_FILE = OliviaVideoTests/Info.plist;
				LD_RUNPATH_SEARCH_PATHS = "$(inherited) @executable_path/../Frameworks @loader_path/../Frameworks";
				PRODUCT_NAME = "$(TARGET_NAME)";
				TEST_HOST = "$(BUILT_PRODUCTS_DIR)/OliviaVideo.app/Contents/MacOS/OliviaVideo";
			};
			name = Debug;
		};
		69129CED1A22645400D1B7D3 /* Release */ = {
			isa = XCBuildConfiguration;
			buildSettings = {
				BUNDLE_LOADER = "$(TEST_HOST)";
				COMBINE_HIDPI_IMAGES = YES;
				FRAMEWORK_SEARCH_PATHS = (
					"$(DEVELOPER_FRAMEWORKS_DIR)",
					"$(inherited)",
				);
				INFOPLIST_FILE = OliviaVideoTests/Info.plist;
				LD_RUNPATH_SEARCH_PATHS = "$(inherited) @executable_path/../Frameworks @loader_path/../Frameworks";
				PRODUCT_NAME = "$(TARGET_NAME)";
				TEST_HOST = "$(BUILT_PRODUCTS_DIR)/OliviaVideo.app/Contents/MacOS/OliviaVideo";
			};
			name = Release;
		};
/* End XCBuildConfiguration section */

/* Begin XCConfigurationList section */
		69129CC91A22645400D1B7D3 /* Build configuration list for PBXProject "OliviaVideo" */ = {
			isa = XCConfigurationList;
			buildConfigurations = (
				69129CE61A22645400D1B7D3 /* Debug */,
				69129CE71A22645400D1B7D3 /* Release */,
			);
			defaultConfigurationIsVisible = 0;
			defaultConfigurationName = Release;
		};
		69129CE81A22645400D1B7D3 /* Build configuration list for PBXNativeTarget "OliviaVideo" */ = {
			isa = XCConfigurationList;
			buildConfigurations = (
				69129CE91A22645400D1B7D3 /* Debug */,
				69129CEA1A22645400D1B7D3 /* Release */,
			);
			defaultConfigurationIsVisible = 0;
		};
		69129CEB1A22645400D1B7D3 /* Build configuration list for PBXNativeTarget "OliviaVideoTests" */ = {
			isa = XCConfigurationList;
			buildConfigurations = (
				69129CEC1A22645400D1B7D3 /* Debug */,
				69129CED1A22645400D1B7D3 /* Release */,
			);
			defaultConfigurationIsVisible = 0;
		};
/* End XCConfigurationList section */
	};
	rootObject = 69129CC61A22645400D1B7D3 /* Project object */;
}
